// !$*UTF8*$!
{
	archiveVersion = 1;
	classes = {
	};
	objectVersion = 46;
	objects = {

/* Begin PBXBuildFile section */
		BCA7AE111C7882A600555376 /* pen.png in Resources */ = {isa = PBXBuildFile; fileRef = BCA7AE101C7882A600555376 /* pen.png */; };
		BCA7AE131C7886D000555376 /* WriteViewController.swift in Sources */ = {isa = PBXBuildFile; fileRef = BCA7AE121C7886D000555376 /* WriteViewController.swift */; };
		BCA7AE1B1C789F4C00555376 /* SettingViewController.swift in Sources */ = {isa = PBXBuildFile; fileRef = BCA7AE1A1C789F4C00555376 /* SettingViewController.swift */; };
		BCA7AE1F1C78AFCF00555376 /* FBSDKCoreKit.framework in Frameworks */ = {isa = PBXBuildFile; fileRef = BCA7AE1C1C78AFCF00555376 /* FBSDKCoreKit.framework */; };
		BCA7AE201C78AFCF00555376 /* FBSDKLoginKit.framework in Frameworks */ = {isa = PBXBuildFile; fileRef = BCA7AE1D1C78AFCF00555376 /* FBSDKLoginKit.framework */; };
		BCA7AE211C78AFCF00555376 /* FBSDKShareKit.framework in Frameworks */ = {isa = PBXBuildFile; fileRef = BCA7AE1E1C78AFCF00555376 /* FBSDKShareKit.framework */; };
		BCA7AE231C78B32800555376 /* LoginViewController.swift in Sources */ = {isa = PBXBuildFile; fileRef = BCA7AE221C78B32800555376 /* LoginViewController.swift */; };
		BCB071B51C76CC490011B201 /* AppDelegate.swift in Sources */ = {isa = PBXBuildFile; fileRef = BCB071B41C76CC490011B201 /* AppDelegate.swift */; };
		BCB071B71C76CC490011B201 /* ViewController.swift in Sources */ = {isa = PBXBuildFile; fileRef = BCB071B61C76CC490011B201 /* ViewController.swift */; };
		BCB071BA1C76CC490011B201 /* Main.storyboard in Resources */ = {isa = PBXBuildFile; fileRef = BCB071B81C76CC490011B201 /* Main.storyboard */; };
		BCB071BC1C76CC490011B201 /* Assets.xcassets in Resources */ = {isa = PBXBuildFile; fileRef = BCB071BB1C76CC490011B201 /* Assets.xcassets */; };
		BCB071BF1C76CC490011B201 /* LaunchScreen.storyboard in Resources */ = {isa = PBXBuildFile; fileRef = BCB071BD1C76CC490011B201 /* LaunchScreen.storyboard */; };
		BCB071CA1C76CC490011B201 /* wazapTests.swift in Sources */ = {isa = PBXBuildFile; fileRef = BCB071C91C76CC490011B201 /* wazapTests.swift */; };
		BCB071D51C76CC4A0011B201 /* wazapUITests.swift in Sources */ = {isa = PBXBuildFile; fileRef = BCB071D41C76CC4A0011B201 /* wazapUITests.swift */; };
		BCC529791C76CF0200DE76B0 /* Alamofire.framework in Frameworks */ = {isa = PBXBuildFile; fileRef = BCC529781C76CF0200DE76B0 /* Alamofire.framework */; };
		BCC5297D1C76D24000DE76B0 /* SidebarOverlay.framework in Frameworks */ = {isa = PBXBuildFile; fileRef = BCC5297C1C76D24000DE76B0 /* SidebarOverlay.framework */; };
		BCC529821C76D52E00DE76B0 /* LeftViewController.swift in Sources */ = {isa = PBXBuildFile; fileRef = BCC529801C76D52E00DE76B0 /* LeftViewController.swift */; };
		BCC529851C76DAA000DE76B0 /* default-user.png in Resources */ = {isa = PBXBuildFile; fileRef = BCC529841C76DAA000DE76B0 /* default-user.png */; };
		BCC529871C76DAF000DE76B0 /* blueLine.png in Resources */ = {isa = PBXBuildFile; fileRef = BCC529861C76DAF000DE76B0 /* blueLine.png */; };
		BCC529891C76DB7F00DE76B0 /* default-user2.png in Resources */ = {isa = PBXBuildFile; fileRef = BCC529881C76DB7F00DE76B0 /* default-user2.png */; };
		BCC5298B1C76DD7000DE76B0 /* FontAwesome.framework in Frameworks */ = {isa = PBXBuildFile; fileRef = BCC5298A1C76DD7000DE76B0 /* FontAwesome.framework */; };
		BCC529931C77184000DE76B0 /* ArticleDetailViewController.swift in Sources */ = {isa = PBXBuildFile; fileRef = BCC529921C77184000DE76B0 /* ArticleDetailViewController.swift */; };
		BCC529971C77239B00DE76B0 /* MainTableViewController.swift in Sources */ = {isa = PBXBuildFile; fileRef = BCC529961C77239B00DE76B0 /* MainTableViewController.swift */; };
		BCC5299B1C77248600DE76B0 /* SwiftyJSON.framework in Frameworks */ = {isa = PBXBuildFile; fileRef = BCC5299A1C77248600DE76B0 /* SwiftyJSON.framework */; };
		BCE420A01C77F498005B5DCE /* MainTableViewCell.swift in Sources */ = {isa = PBXBuildFile; fileRef = BCE4209F1C77F498005B5DCE /* MainTableViewCell.swift */; };
		BCE420A51C783426005B5DCE /* ApplyViewController.swift in Sources */ = {isa = PBXBuildFile; fileRef = BCE420A41C783426005B5DCE /* ApplyViewController.swift */; };
		BCE420A71C783468005B5DCE /* ScrapListViewController.swift in Sources */ = {isa = PBXBuildFile; fileRef = BCE420A61C783468005B5DCE /* ScrapListViewController.swift */; };
		BCE420A91C783486005B5DCE /* RecruitListViewController.swift in Sources */ = {isa = PBXBuildFile; fileRef = BCE420A81C783486005B5DCE /* RecruitListViewController.swift */; };
		BCE420AB1C7834A3005B5DCE /* MyProfileViewController.swift in Sources */ = {isa = PBXBuildFile; fileRef = BCE420AA1C7834A3005B5DCE /* MyProfileViewController.swift */; };
		BCE420AD1C784091005B5DCE /* NotificationViewController.swift in Sources */ = {isa = PBXBuildFile; fileRef = BCE420AC1C784091005B5DCE /* NotificationViewController.swift */; };
		BCE420AF1C784107005B5DCE /* MyProfileModificationViewController.swift in Sources */ = {isa = PBXBuildFile; fileRef = BCE420AE1C784107005B5DCE /* MyProfileModificationViewController.swift */; };
/* End PBXBuildFile section */

/* Begin PBXContainerItemProxy section */
		BCB071C61C76CC490011B201 /* PBXContainerItemProxy */ = {
			isa = PBXContainerItemProxy;
			containerPortal = BCB071A91C76CC490011B201 /* Project object */;
			proxyType = 1;
			remoteGlobalIDString = BCB071B01C76CC490011B201;
			remoteInfo = wazap;
		};
		BCB071D11C76CC490011B201 /* PBXContainerItemProxy */ = {
			isa = PBXContainerItemProxy;
			containerPortal = BCB071A91C76CC490011B201 /* Project object */;
			proxyType = 1;
			remoteGlobalIDString = BCB071B01C76CC490011B201;
			remoteInfo = wazap;
		};
/* End PBXContainerItemProxy section */

/* Begin PBXFileReference section */
		BCA7AE101C7882A600555376 /* pen.png */ = {isa = PBXFileReference; lastKnownFileType = image.png; name = pen.png; path = ../../Desktop/pen.png; sourceTree = "<group>"; };
		BCA7AE121C7886D000555376 /* WriteViewController.swift */ = {isa = PBXFileReference; fileEncoding = 4; lastKnownFileType = sourcecode.swift; path = WriteViewController.swift; sourceTree = "<group>"; };
		BCA7AE1A1C789F4C00555376 /* SettingViewController.swift */ = {isa = PBXFileReference; fileEncoding = 4; lastKnownFileType = sourcecode.swift; path = SettingViewController.swift; sourceTree = "<group>"; };
		BCA7AE1C1C78AFCF00555376 /* FBSDKCoreKit.framework */ = {isa = PBXFileReference; lastKnownFileType = wrapper.framework; name = FBSDKCoreKit.framework; path = Carthage/Build/facebook/FBSDKCoreKit.framework; sourceTree = "<group>"; };
		BCA7AE1D1C78AFCF00555376 /* FBSDKLoginKit.framework */ = {isa = PBXFileReference; lastKnownFileType = wrapper.framework; name = FBSDKLoginKit.framework; path = Carthage/Build/facebook/FBSDKLoginKit.framework; sourceTree = "<group>"; };
		BCA7AE1E1C78AFCF00555376 /* FBSDKShareKit.framework */ = {isa = PBXFileReference; lastKnownFileType = wrapper.framework; name = FBSDKShareKit.framework; path = Carthage/Build/facebook/FBSDKShareKit.framework; sourceTree = "<group>"; };
		BCA7AE221C78B32800555376 /* LoginViewController.swift */ = {isa = PBXFileReference; fileEncoding = 4; lastKnownFileType = sourcecode.swift; path = LoginViewController.swift; sourceTree = "<group>"; };
		BCB071B11C76CC490011B201 /* wazap.app */ = {isa = PBXFileReference; explicitFileType = wrapper.application; includeInIndex = 0; path = wazap.app; sourceTree = BUILT_PRODUCTS_DIR; };
		BCB071B41C76CC490011B201 /* AppDelegate.swift */ = {isa = PBXFileReference; lastKnownFileType = sourcecode.swift; path = AppDelegate.swift; sourceTree = "<group>"; };
		BCB071B61C76CC490011B201 /* ViewController.swift */ = {isa = PBXFileReference; lastKnownFileType = sourcecode.swift; path = ViewController.swift; sourceTree = "<group>"; };
		BCB071B91C76CC490011B201 /* Base */ = {isa = PBXFileReference; lastKnownFileType = file.storyboard; name = Base; path = Base.lproj/Main.storyboard; sourceTree = "<group>"; };
		BCB071BB1C76CC490011B201 /* Assets.xcassets */ = {isa = PBXFileReference; lastKnownFileType = folder.assetcatalog; path = Assets.xcassets; sourceTree = "<group>"; };
		BCB071BE1C76CC490011B201 /* Base */ = {isa = PBXFileReference; lastKnownFileType = file.storyboard; name = Base; path = Base.lproj/LaunchScreen.storyboard; sourceTree = "<group>"; };
		BCB071C01C76CC490011B201 /* Info.plist */ = {isa = PBXFileReference; lastKnownFileType = text.plist.xml; path = Info.plist; sourceTree = "<group>"; };
		BCB071C51C76CC490011B201 /* wazapTests.xctest */ = {isa = PBXFileReference; explicitFileType = wrapper.cfbundle; includeInIndex = 0; path = wazapTests.xctest; sourceTree = BUILT_PRODUCTS_DIR; };
		BCB071C91C76CC490011B201 /* wazapTests.swift */ = {isa = PBXFileReference; lastKnownFileType = sourcecode.swift; path = wazapTests.swift; sourceTree = "<group>"; };
		BCB071CB1C76CC490011B201 /* Info.plist */ = {isa = PBXFileReference; lastKnownFileType = text.plist.xml; path = Info.plist; sourceTree = "<group>"; };
		BCB071D01C76CC490011B201 /* wazapUITests.xctest */ = {isa = PBXFileReference; explicitFileType = wrapper.cfbundle; includeInIndex = 0; path = wazapUITests.xctest; sourceTree = BUILT_PRODUCTS_DIR; };
		BCB071D41C76CC4A0011B201 /* wazapUITests.swift */ = {isa = PBXFileReference; lastKnownFileType = sourcecode.swift; path = wazapUITests.swift; sourceTree = "<group>"; };
		BCB071D61C76CC4A0011B201 /* Info.plist */ = {isa = PBXFileReference; lastKnownFileType = text.plist.xml; path = Info.plist; sourceTree = "<group>"; };
		BCC529781C76CF0200DE76B0 /* Alamofire.framework */ = {isa = PBXFileReference; lastKnownFileType = wrapper.framework; name = Alamofire.framework; path = Carthage/Build/iOS/Alamofire.framework; sourceTree = "<group>"; };
		BCC5297C1C76D24000DE76B0 /* SidebarOverlay.framework */ = {isa = PBXFileReference; lastKnownFileType = wrapper.framework; name = SidebarOverlay.framework; path = Carthage/Build/iOS/SidebarOverlay.framework; sourceTree = "<group>"; };
		BCC529801C76D52E00DE76B0 /* LeftViewController.swift */ = {isa = PBXFileReference; fileEncoding = 4; lastKnownFileType = sourcecode.swift; name = LeftViewController.swift; path = ../../../../var/folders/jr/7468dk5j2yndr1m26pvzqtk00000gn/T/CocoaPods/Try/SidebarOverlay/SidebarOverlayExample/SidebarOverlayExample/LeftViewController.swift; sourceTree = "<group>"; };
		BCC529841C76DAA000DE76B0 /* default-user.png */ = {isa = PBXFileReference; lastKnownFileType = image.png; name = "default-user.png"; path = "../../Desktop/default-user.png"; sourceTree = "<group>"; };
		BCC529861C76DAF000DE76B0 /* blueLine.png */ = {isa = PBXFileReference; lastKnownFileType = image.png; name = blueLine.png; path = ../../Desktop/blueLine.png; sourceTree = "<group>"; };
		BCC529881C76DB7F00DE76B0 /* default-user2.png */ = {isa = PBXFileReference; lastKnownFileType = image.png; name = "default-user2.png"; path = "../../Desktop/default-user2.png"; sourceTree = "<group>"; };
		BCC5298A1C76DD7000DE76B0 /* FontAwesome.framework */ = {isa = PBXFileReference; lastKnownFileType = wrapper.framework; name = FontAwesome.framework; path = Carthage/Build/iOS/FontAwesome.framework; sourceTree = "<group>"; };
		BCC529921C77184000DE76B0 /* ArticleDetailViewController.swift */ = {isa = PBXFileReference; fileEncoding = 4; lastKnownFileType = sourcecode.swift; path = ArticleDetailViewController.swift; sourceTree = "<group>"; };
		BCC529961C77239B00DE76B0 /* MainTableViewController.swift */ = {isa = PBXFileReference; fileEncoding = 4; lastKnownFileType = sourcecode.swift; path = MainTableViewController.swift; sourceTree = "<group>"; };
		BCC5299A1C77248600DE76B0 /* SwiftyJSON.framework */ = {isa = PBXFileReference; lastKnownFileType = wrapper.framework; name = SwiftyJSON.framework; path = Carthage/Build/iOS/SwiftyJSON.framework; sourceTree = "<group>"; };
		BCE4209F1C77F498005B5DCE /* MainTableViewCell.swift */ = {isa = PBXFileReference; fileEncoding = 4; lastKnownFileType = sourcecode.swift; path = MainTableViewCell.swift; sourceTree = "<group>"; };
		BCE420A41C783426005B5DCE /* ApplyViewController.swift */ = {isa = PBXFileReference; fileEncoding = 4; lastKnownFileType = sourcecode.swift; path = ApplyViewController.swift; sourceTree = "<group>"; };
		BCE420A61C783468005B5DCE /* ScrapListViewController.swift */ = {isa = PBXFileReference; fileEncoding = 4; lastKnownFileType = sourcecode.swift; path = ScrapListViewController.swift; sourceTree = "<group>"; };
		BCE420A81C783486005B5DCE /* RecruitListViewController.swift */ = {isa = PBXFileReference; fileEncoding = 4; lastKnownFileType = sourcecode.swift; path = RecruitListViewController.swift; sourceTree = "<group>"; };
		BCE420AA1C7834A3005B5DCE /* MyProfileViewController.swift */ = {isa = PBXFileReference; fileEncoding = 4; lastKnownFileType = sourcecode.swift; path = MyProfileViewController.swift; sourceTree = "<group>"; };
		BCE420AC1C784091005B5DCE /* NotificationViewController.swift */ = {isa = PBXFileReference; fileEncoding = 4; lastKnownFileType = sourcecode.swift; path = NotificationViewController.swift; sourceTree = "<group>"; };
		BCE420AE1C784107005B5DCE /* MyProfileModificationViewController.swift */ = {isa = PBXFileReference; fileEncoding = 4; lastKnownFileType = sourcecode.swift; path = MyProfileModificationViewController.swift; sourceTree = "<group>"; };
/* End PBXFileReference section */

/* Begin PBXFrameworksBuildPhase section */
		BCB071AE1C76CC490011B201 /* Frameworks */ = {
			isa = PBXFrameworksBuildPhase;
			buildActionMask = 2147483647;
			files = (
				BCA7AE1F1C78AFCF00555376 /* FBSDKCoreKit.framework in Frameworks */,
				BCA7AE201C78AFCF00555376 /* FBSDKLoginKit.framework in Frameworks */,
				BCA7AE211C78AFCF00555376 /* FBSDKShareKit.framework in Frameworks */,
				BCC5299B1C77248600DE76B0 /* SwiftyJSON.framework in Frameworks */,
				BCC5298B1C76DD7000DE76B0 /* FontAwesome.framework in Frameworks */,
				BCC5297D1C76D24000DE76B0 /* SidebarOverlay.framework in Frameworks */,
				BCC529791C76CF0200DE76B0 /* Alamofire.framework in Frameworks */,
			);
			runOnlyForDeploymentPostprocessing = 0;
		};
		BCB071C21C76CC490011B201 /* Frameworks */ = {
			isa = PBXFrameworksBuildPhase;
			buildActionMask = 2147483647;
			files = (
			);
			runOnlyForDeploymentPostprocessing = 0;
		};
		BCB071CD1C76CC490011B201 /* Frameworks */ = {
			isa = PBXFrameworksBuildPhase;
			buildActionMask = 2147483647;
			files = (
			);
			runOnlyForDeploymentPostprocessing = 0;
		};
/* End PBXFrameworksBuildPhase section */

/* Begin PBXGroup section */
		BCB071A81C76CC490011B201 = {
			isa = PBXGroup;
			children = (
				BCA7AE1C1C78AFCF00555376 /* FBSDKCoreKit.framework */,
				BCA7AE1D1C78AFCF00555376 /* FBSDKLoginKit.framework */,
				BCA7AE1E1C78AFCF00555376 /* FBSDKShareKit.framework */,
				BCC5299A1C77248600DE76B0 /* SwiftyJSON.framework */,
				BCC5298A1C76DD7000DE76B0 /* FontAwesome.framework */,
				BCC5297C1C76D24000DE76B0 /* SidebarOverlay.framework */,
				BCC529781C76CF0200DE76B0 /* Alamofire.framework */,
				BCB071B31C76CC490011B201 /* wazap */,
				BCB071C81C76CC490011B201 /* wazapTests */,
				BCB071D31C76CC4A0011B201 /* wazapUITests */,
				BCB071B21C76CC490011B201 /* Products */,
			);
			sourceTree = "<group>";
		};
		BCB071B21C76CC490011B201 /* Products */ = {
			isa = PBXGroup;
			children = (
				BCB071B11C76CC490011B201 /* wazap.app */,
				BCB071C51C76CC490011B201 /* wazapTests.xctest */,
				BCB071D01C76CC490011B201 /* wazapUITests.xctest */,
			);
			name = Products;
			sourceTree = "<group>";
		};
		BCB071B31C76CC490011B201 /* wazap */ = {
			isa = PBXGroup;
			children = (
				BCC529831C76DA4100DE76B0 /* images */,
				BCB071B41C76CC490011B201 /* AppDelegate.swift */,
				BCC529801C76D52E00DE76B0 /* LeftViewController.swift */,
				BCB071B61C76CC490011B201 /* ViewController.swift */,
				BCB071B81C76CC490011B201 /* Main.storyboard */,
				BCB071BB1C76CC490011B201 /* Assets.xcassets */,
				BCB071BD1C76CC490011B201 /* LaunchScreen.storyboard */,
				BCB071C01C76CC490011B201 /* Info.plist */,
				BCC529921C77184000DE76B0 /* ArticleDetailViewController.swift */,
				BCC529961C77239B00DE76B0 /* MainTableViewController.swift */,
				BCE4209F1C77F498005B5DCE /* MainTableViewCell.swift */,
				BCE420A61C783468005B5DCE /* ScrapListViewController.swift */,
				BCE420A41C783426005B5DCE /* ApplyViewController.swift */,
				BCE420A81C783486005B5DCE /* RecruitListViewController.swift */,
				BCE420AA1C7834A3005B5DCE /* MyProfileViewController.swift */,
				BCE420AE1C784107005B5DCE /* MyProfileModificationViewController.swift */,
				BCA7AE121C7886D000555376 /* WriteViewController.swift */,
				BCE420AC1C784091005B5DCE /* NotificationViewController.swift */,
				BCA7AE1A1C789F4C00555376 /* SettingViewController.swift */,
				BCA7AE221C78B32800555376 /* LoginViewController.swift */,
			);
			path = wazap;
			sourceTree = "<group>";
		};
		BCB071C81C76CC490011B201 /* wazapTests */ = {
			isa = PBXGroup;
			children = (
				BCB071C91C76CC490011B201 /* wazapTests.swift */,
				BCB071CB1C76CC490011B201 /* Info.plist */,
			);
			path = wazapTests;
			sourceTree = "<group>";
		};
		BCB071D31C76CC4A0011B201 /* wazapUITests */ = {
			isa = PBXGroup;
			children = (
				BCB071D41C76CC4A0011B201 /* wazapUITests.swift */,
				BCB071D61C76CC4A0011B201 /* Info.plist */,
			);
			path = wazapUITests;
			sourceTree = "<group>";
		};
		BCC529831C76DA4100DE76B0 /* images */ = {
			isa = PBXGroup;
			children = (
				BCA7AE101C7882A600555376 /* pen.png */,
				BCC529881C76DB7F00DE76B0 /* default-user2.png */,
				BCC529861C76DAF000DE76B0 /* blueLine.png */,
				BCC529841C76DAA000DE76B0 /* default-user.png */,
			);
			name = images;
			sourceTree = "<group>";
		};
/* End PBXGroup section */

/* Begin PBXNativeTarget section */
		BCB071B01C76CC490011B201 /* wazap */ = {
			isa = PBXNativeTarget;
			buildConfigurationList = BCB071D91C76CC4A0011B201 /* Build configuration list for PBXNativeTarget "wazap" */;
			buildPhases = (
				BCB071AD1C76CC490011B201 /* Sources */,
				BCB071AE1C76CC490011B201 /* Frameworks */,
				BCB071AF1C76CC490011B201 /* Resources */,
				BCC5297B1C76D0A800DE76B0 /* ShellScript */,
			);
			buildRules = (
			);
			dependencies = (
			);
			name = wazap;
			productName = wazap;
			productReference = BCB071B11C76CC490011B201 /* wazap.app */;
			productType = "com.apple.product-type.application";
		};
		BCB071C41C76CC490011B201 /* wazapTests */ = {
			isa = PBXNativeTarget;
			buildConfigurationList = BCB071DC1C76CC4A0011B201 /* Build configuration list for PBXNativeTarget "wazapTests" */;
			buildPhases = (
				BCB071C11C76CC490011B201 /* Sources */,
				BCB071C21C76CC490011B201 /* Frameworks */,
				BCB071C31C76CC490011B201 /* Resources */,
			);
			buildRules = (
			);
			dependencies = (
				BCB071C71C76CC490011B201 /* PBXTargetDependency */,
			);
			name = wazapTests;
			productName = wazapTests;
			productReference = BCB071C51C76CC490011B201 /* wazapTests.xctest */;
			productType = "com.apple.product-type.bundle.unit-test";
		};
		BCB071CF1C76CC490011B201 /* wazapUITests */ = {
			isa = PBXNativeTarget;
			buildConfigurationList = BCB071DF1C76CC4A0011B201 /* Build configuration list for PBXNativeTarget "wazapUITests" */;
			buildPhases = (
				BCB071CC1C76CC490011B201 /* Sources */,
				BCB071CD1C76CC490011B201 /* Frameworks */,
				BCB071CE1C76CC490011B201 /* Resources */,
			);
			buildRules = (
			);
			dependencies = (
				BCB071D21C76CC490011B201 /* PBXTargetDependency */,
			);
			name = wazapUITests;
			productName = wazapUITests;
			productReference = BCB071D01C76CC490011B201 /* wazapUITests.xctest */;
			productType = "com.apple.product-type.bundle.ui-testing";
		};
/* End PBXNativeTarget section */

/* Begin PBXProject section */
		BCB071A91C76CC490011B201 /* Project object */ = {
			isa = PBXProject;
			attributes = {
				LastSwiftUpdateCheck = 0720;
				LastUpgradeCheck = 0720;
				ORGANIZATIONNAME = nexters;
				TargetAttributes = {
					BCB071B01C76CC490011B201 = {
						CreatedOnToolsVersion = 7.2.1;
					};
					BCB071C41C76CC490011B201 = {
						CreatedOnToolsVersion = 7.2.1;
						TestTargetID = BCB071B01C76CC490011B201;
					};
					BCB071CF1C76CC490011B201 = {
						CreatedOnToolsVersion = 7.2.1;
						TestTargetID = BCB071B01C76CC490011B201;
					};
				};
			};
			buildConfigurationList = BCB071AC1C76CC490011B201 /* Build configuration list for PBXProject "wazap" */;
			compatibilityVersion = "Xcode 3.2";
			developmentRegion = English;
			hasScannedForEncodings = 0;
			knownRegions = (
				en,
				Base,
			);
			mainGroup = BCB071A81C76CC490011B201;
			productRefGroup = BCB071B21C76CC490011B201 /* Products */;
			projectDirPath = "";
			projectRoot = "";
			targets = (
				BCB071B01C76CC490011B201 /* wazap */,
				BCB071C41C76CC490011B201 /* wazapTests */,
				BCB071CF1C76CC490011B201 /* wazapUITests */,
			);
		};
/* End PBXProject section */

/* Begin PBXResourcesBuildPhase section */
		BCB071AF1C76CC490011B201 /* Resources */ = {
			isa = PBXResourcesBuildPhase;
			buildActionMask = 2147483647;
			files = (
				BCC529891C76DB7F00DE76B0 /* default-user2.png in Resources */,
				BCC529851C76DAA000DE76B0 /* default-user.png in Resources */,
				BCA7AE111C7882A600555376 /* pen.png in Resources */,
				BCB071BF1C76CC490011B201 /* LaunchScreen.storyboard in Resources */,
				BCC529871C76DAF000DE76B0 /* blueLine.png in Resources */,
				BCB071BC1C76CC490011B201 /* Assets.xcassets in Resources */,
				BCB071BA1C76CC490011B201 /* Main.storyboard in Resources */,
			);
			runOnlyForDeploymentPostprocessing = 0;
		};
		BCB071C31C76CC490011B201 /* Resources */ = {
			isa = PBXResourcesBuildPhase;
			buildActionMask = 2147483647;
			files = (
			);
			runOnlyForDeploymentPostprocessing = 0;
		};
		BCB071CE1C76CC490011B201 /* Resources */ = {
			isa = PBXResourcesBuildPhase;
			buildActionMask = 2147483647;
			files = (
			);
			runOnlyForDeploymentPostprocessing = 0;
		};
/* End PBXResourcesBuildPhase section */

/* Begin PBXShellScriptBuildPhase section */
		BCC5297B1C76D0A800DE76B0 /* ShellScript */ = {
			isa = PBXShellScriptBuildPhase;
			buildActionMask = 2147483647;
			files = (
			);
			inputPaths = (
				"$(SRCROOT)/Carthage/Build/iOS/Alamofire.framework",
				"$(SRCROOT)/Carthage/Build/IOS/SidebarOverlay.framework",
				"$(SRCROOT)/Carthage/Build/IOS/FontAwesome.framework",
				"$(SRCROOT)/Carthage/Build/IOS/SwiftyJSON.framework",
			);
			outputPaths = (
			);
			runOnlyForDeploymentPostprocessing = 0;
			shellPath = /bin/sh;
			shellScript = "/usr/local/bin/carthage copy-frameworks";
		};
/* End PBXShellScriptBuildPhase section */

/* Begin PBXSourcesBuildPhase section */
		BCB071AD1C76CC490011B201 /* Sources */ = {
			isa = PBXSourcesBuildPhase;
			buildActionMask = 2147483647;
			files = (
				BCE420AF1C784107005B5DCE /* MyProfileModificationViewController.swift in Sources */,
				BCE420AB1C7834A3005B5DCE /* MyProfileViewController.swift in Sources */,
				BCE420AD1C784091005B5DCE /* NotificationViewController.swift in Sources */,
				BCA7AE231C78B32800555376 /* LoginViewController.swift in Sources */,
				BCE420A01C77F498005B5DCE /* MainTableViewCell.swift in Sources */,
				BCC529821C76D52E00DE76B0 /* LeftViewController.swift in Sources */,
				BCA7AE1B1C789F4C00555376 /* SettingViewController.swift in Sources */,
				BCA7AE131C7886D000555376 /* WriteViewController.swift in Sources */,
				BCB071B71C76CC490011B201 /* ViewController.swift in Sources */,
				BCB071B51C76CC490011B201 /* AppDelegate.swift in Sources */,
				BCE420A71C783468005B5DCE /* ScrapListViewController.swift in Sources */,
				BCE420A51C783426005B5DCE /* ApplyViewController.swift in Sources */,
				BCE420A91C783486005B5DCE /* RecruitListViewController.swift in Sources */,
				BCC529971C77239B00DE76B0 /* MainTableViewController.swift in Sources */,
				BCC529931C77184000DE76B0 /* ArticleDetailViewController.swift in Sources */,
			);
			runOnlyForDeploymentPostprocessing = 0;
		};
		BCB071C11C76CC490011B201 /* Sources */ = {
			isa = PBXSourcesBuildPhase;
			buildActionMask = 2147483647;
			files = (
				BCB071CA1C76CC490011B201 /* wazapTests.swift in Sources */,
			);
			runOnlyForDeploymentPostprocessing = 0;
		};
		BCB071CC1C76CC490011B201 /* Sources */ = {
			isa = PBXSourcesBuildPhase;
			buildActionMask = 2147483647;
			files = (
				BCB071D51C76CC4A0011B201 /* wazapUITests.swift in Sources */,
			);
			runOnlyForDeploymentPostprocessing = 0;
		};
/* End PBXSourcesBuildPhase section */

/* Begin PBXTargetDependency section */
		BCB071C71C76CC490011B201 /* PBXTargetDependency */ = {
			isa = PBXTargetDependency;
			target = BCB071B01C76CC490011B201 /* wazap */;
			targetProxy = BCB071C61C76CC490011B201 /* PBXContainerItemProxy */;
		};
		BCB071D21C76CC490011B201 /* PBXTargetDependency */ = {
			isa = PBXTargetDependency;
			target = BCB071B01C76CC490011B201 /* wazap */;
			targetProxy = BCB071D11C76CC490011B201 /* PBXContainerItemProxy */;
		};
/* End PBXTargetDependency section */

/* Begin PBXVariantGroup section */
		BCB071B81C76CC490011B201 /* Main.storyboard */ = {
			isa = PBXVariantGroup;
			children = (
				BCB071B91C76CC490011B201 /* Base */,
			);
			name = Main.storyboard;
			sourceTree = "<group>";
		};
		BCB071BD1C76CC490011B201 /* LaunchScreen.storyboard */ = {
			isa = PBXVariantGroup;
			children = (
				BCB071BE1C76CC490011B201 /* Base */,
			);
			name = LaunchScreen.storyboard;
			sourceTree = "<group>";
		};
/* End PBXVariantGroup section */

/* Begin XCBuildConfiguration section */
		BCB071D71C76CC4A0011B201 /* Debug */ = {
			isa = XCBuildConfiguration;
			buildSettings = {
				ALWAYS_SEARCH_USER_PATHS = NO;
				CLANG_CXX_LANGUAGE_STANDARD = "gnu++0x";
				CLANG_CXX_LIBRARY = "libc++";
				CLANG_ENABLE_MODULES = YES;
				CLANG_ENABLE_OBJC_ARC = YES;
				CLANG_WARN_BOOL_CONVERSION = YES;
				CLANG_WARN_CONSTANT_CONVERSION = YES;
				CLANG_WARN_DIRECT_OBJC_ISA_USAGE = YES_ERROR;
				CLANG_WARN_EMPTY_BODY = YES;
				CLANG_WARN_ENUM_CONVERSION = YES;
				CLANG_WARN_INT_CONVERSION = YES;
				CLANG_WARN_OBJC_ROOT_CLASS = YES_ERROR;
				CLANG_WARN_UNREACHABLE_CODE = YES;
				CLANG_WARN__DUPLICATE_METHOD_MATCH = YES;
				"CODE_SIGN_IDENTITY[sdk=iphoneos*]" = "iPhone Developer";
				COPY_PHASE_STRIP = NO;
				DEBUG_INFORMATION_FORMAT = dwarf;
				ENABLE_STRICT_OBJC_MSGSEND = YES;
				ENABLE_TESTABILITY = YES;
				GCC_C_LANGUAGE_STANDARD = gnu99;
				GCC_DYNAMIC_NO_PIC = NO;
				GCC_NO_COMMON_BLOCKS = YES;
				GCC_OPTIMIZATION_LEVEL = 0;
				GCC_PREPROCESSOR_DEFINITIONS = (
					"DEBUG=1",
					"$(inherited)",
				);
				GCC_WARN_64_TO_32_BIT_CONVERSION = YES;
				GCC_WARN_ABOUT_RETURN_TYPE = YES_ERROR;
				GCC_WARN_UNDECLARED_SELECTOR = YES;
				GCC_WARN_UNINITIALIZED_AUTOS = YES_AGGRESSIVE;
				GCC_WARN_UNUSED_FUNCTION = YES;
				GCC_WARN_UNUSED_VARIABLE = YES;
				IPHONEOS_DEPLOYMENT_TARGET = 9.2;
				MTL_ENABLE_DEBUG_INFO = YES;
				ONLY_ACTIVE_ARCH = YES;
				SDKROOT = iphoneos;
				SWIFT_OPTIMIZATION_LEVEL = "-Onone";
			};
			name = Debug;
		};
		BCB071D81C76CC4A0011B201 /* Release */ = {
			isa = XCBuildConfiguration;
			buildSettings = {
				ALWAYS_SEARCH_USER_PATHS = NO;
				CLANG_CXX_LANGUAGE_STANDARD = "gnu++0x";
				CLANG_CXX_LIBRARY = "libc++";
				CLANG_ENABLE_MODULES = YES;
				CLANG_ENABLE_OBJC_ARC = YES;
				CLANG_WARN_BOOL_CONVERSION = YES;
				CLANG_WARN_CONSTANT_CONVERSION = YES;
				CLANG_WARN_DIRECT_OBJC_ISA_USAGE = YES_ERROR;
				CLANG_WARN_EMPTY_BODY = YES;
				CLANG_WARN_ENUM_CONVERSION = YES;
				CLANG_WARN_INT_CONVERSION = YES;
				CLANG_WARN_OBJC_ROOT_CLASS = YES_ERROR;
				CLANG_WARN_UNREACHABLE_CODE = YES;
				CLANG_WARN__DUPLICATE_METHOD_MATCH = YES;
				"CODE_SIGN_IDENTITY[sdk=iphoneos*]" = "iPhone Developer";
				COPY_PHASE_STRIP = NO;
				DEBUG_INFORMATION_FORMAT = "dwarf-with-dsym";
				ENABLE_NS_ASSERTIONS = NO;
				ENABLE_STRICT_OBJC_MSGSEND = YES;
				GCC_C_LANGUAGE_STANDARD = gnu99;
				GCC_NO_COMMON_BLOCKS = YES;
				GCC_WARN_64_TO_32_BIT_CONVERSION = YES;
				GCC_WARN_ABOUT_RETURN_TYPE = YES_ERROR;
				GCC_WARN_UNDECLARED_SELECTOR = YES;
				GCC_WARN_UNINITIALIZED_AUTOS = YES_AGGRESSIVE;
				GCC_WARN_UNUSED_FUNCTION = YES;
				GCC_WARN_UNUSED_VARIABLE = YES;
				IPHONEOS_DEPLOYMENT_TARGET = 9.2;
				MTL_ENABLE_DEBUG_INFO = NO;
				SDKROOT = iphoneos;
				VALIDATE_PRODUCT = YES;
			};
			name = Release;
		};
		BCB071DA1C76CC4A0011B201 /* Debug */ = {
			isa = XCBuildConfiguration;
			buildSettings = {
				ASSETCATALOG_COMPILER_APPICON_NAME = AppIcon;
				ASSETCATALOG_COMPILER_LAUNCHIMAGE_NAME = "Brand Assets";
				FRAMEWORK_SEARCH_PATHS = (
					"$(inherited)",
					"$(PROJECT_DIR)/Carthage/Build/iOS",
					"$(PROJECT_DIR)/Carthage/Build/facebook",
				);
				INFOPLIST_FILE = wazap/Info.plist;
				LD_RUNPATH_SEARCH_PATHS = "$(inherited) @executable_path/Frameworks";
				PRODUCT_BUNDLE_IDENTIFIER = com.nexters.wazap;
				PRODUCT_NAME = "$(TARGET_NAME)";
			};
			name = Debug;
		};
		BCB071DB1C76CC4A0011B201 /* Release */ = {
			isa = XCBuildConfiguration;
			buildSettings = {
				ASSETCATALOG_COMPILER_APPICON_NAME = AppIcon;
				ASSETCATALOG_COMPILER_LAUNCHIMAGE_NAME = "Brand Assets";
				FRAMEWORK_SEARCH_PATHS = (
					"$(inherited)",
					"$(PROJECT_DIR)/Carthage/Build/iOS",
					"$(PROJECT_DIR)/Carthage/Build/facebook",
				);
				INFOPLIST_FILE = wazap/Info.plist;
				LD_RUNPATH_SEARCH_PATHS = "$(inherited) @executable_path/Frameworks";
				PRODUCT_BUNDLE_IDENTIFIER = com.nexters.wazap;
				PRODUCT_NAME = "$(TARGET_NAME)";
			};
			name = Release;
		};
		BCB071DD1C76CC4A0011B201 /* Debug */ = {
			isa = XCBuildConfiguration;
			buildSettings = {
				BUNDLE_LOADER = "$(TEST_HOST)";
				INFOPLIST_FILE = wazapTests/Info.plist;
				LD_RUNPATH_SEARCH_PATHS = "$(inherited) @executable_path/Frameworks @loader_path/Frameworks";
				PRODUCT_BUNDLE_IDENTIFIER = com.timeros.wazapTests;
				PRODUCT_NAME = "$(TARGET_NAME)";
				TEST_HOST = "$(BUILT_PRODUCTS_DIR)/wazap.app/wazap";
			};
			name = Debug;
		};
		BCB071DE1C76CC4A0011B201 /* Release */ = {
			isa = XCBuildConfiguration;
			buildSettings = {
				BUNDLE_LOADER = "$(TEST_HOST)";
				INFOPLIST_FILE = wazapTests/Info.plist;
				LD_RUNPATH_SEARCH_PATHS = "$(inherited) @executable_path/Frameworks @loader_path/Frameworks";
				PRODUCT_BUNDLE_IDENTIFIER = com.timeros.wazapTests;
				PRODUCT_NAME = "$(TARGET_NAME)";
				TEST_HOST = "$(BUILT_PRODUCTS_DIR)/wazap.app/wazap";
			};
			name = Release;
		};
		BCB071E01C76CC4A0011B201 /* Debug */ = {
			isa = XCBuildConfiguration;
			buildSettings = {
				INFOPLIST_FILE = wazapUITests/Info.plist;
				LD_RUNPATH_SEARCH_PATHS = "$(inherited) @executable_path/Frameworks @loader_path/Frameworks";
				PRODUCT_BUNDLE_IDENTIFIER = com.timeros.wazapUITests;
				PRODUCT_NAME = "$(TARGET_NAME)";
				TEST_TARGET_NAME = wazap;
				USES_XCTRUNNER = YES;
			};
			name = Debug;
		};
		BCB071E11C76CC4A0011B201 /* Release */ = {
			isa = XCBuildConfiguration;
			buildSettings = {
				INFOPLIST_FILE = wazapUITests/Info.plist;
				LD_RUNPATH_SEARCH_PATHS = "$(inherited) @executable_path/Frameworks @loader_path/Frameworks";
				PRODUCT_BUNDLE_IDENTIFIER = com.timeros.wazapUITests;
				PRODUCT_NAME = "$(TARGET_NAME)";
				TEST_TARGET_NAME = wazap;
				USES_XCTRUNNER = YES;
			};
			name = Release;
		};
/* End XCBuildConfiguration section */

/* Begin XCConfigurationList section */
		BCB071AC1C76CC490011B201 /* Build configuration list for PBXProject "wazap" */ = {
			isa = XCConfigurationList;
			buildConfigurations = (
				BCB071D71C76CC4A0011B201 /* Debug */,
				BCB071D81C76CC4A0011B201 /* Release */,
			);
			defaultConfigurationIsVisible = 0;
			defaultConfigurationName = Release;
		};
		BCB071D91C76CC4A0011B201 /* Build configuration list for PBXNativeTarget "wazap" */ = {
			isa = XCConfigurationList;
			buildConfigurations = (
				BCB071DA1C76CC4A0011B201 /* Debug */,
				BCB071DB1C76CC4A0011B201 /* Release */,
			);
			defaultConfigurationIsVisible = 0;
			defaultConfigurationName = Release;
		};
		BCB071DC1C76CC4A0011B201 /* Build configuration list for PBXNativeTarget "wazapTests" */ = {
			isa = XCConfigurationList;
			buildConfigurations = (
				BCB071DD1C76CC4A0011B201 /* Debug */,
				BCB071DE1C76CC4A0011B201 /* Release */,
			);
			defaultConfigurationIsVisible = 0;
			defaultConfigurationName = Release;
		};
		BCB071DF1C76CC4A0011B201 /* Build configuration list for PBXNativeTarget "wazapUITests" */ = {
			isa = XCConfigurationList;
			buildConfigurations = (
				BCB071E01C76CC4A0011B201 /* Debug */,
				BCB071E11C76CC4A0011B201 /* Release */,
			);
			defaultConfigurationIsVisible = 0;
			defaultConfigurationName = Release;
		};
/* End XCConfigurationList section */
	};
	rootObject = BCB071A91C76CC490011B201 /* Project object */;
}
