// !$*UTF8*$!
{
	archiveVersion = 1;
	classes = {
	};
	objectVersion = 46;
	objects = {

/* Begin PBXBuildFile section */
		BC0AF4831CF74D38009E6ABC /* AlamofireImage.framework in Frameworks */ = {isa = PBXBuildFile; fileRef = BC0AF4811CF74D38009E6ABC /* AlamofireImage.framework */; };
		BC0AF4841CF74D38009E6ABC /* Kingfisher.framework in Frameworks */ = {isa = PBXBuildFile; fileRef = BC0AF4821CF74D38009E6ABC /* Kingfisher.framework */; };
		BC1AAE601CB4D492006B17CC /* NotoSansKR-Black-Hestia.otf in Resources */ = {isa = PBXBuildFile; fileRef = BC1AAE591CB4D492006B17CC /* NotoSansKR-Black-Hestia.otf */; };
		BC1AAE611CB4D492006B17CC /* NotoSansKR-Bold-Hestia.otf in Resources */ = {isa = PBXBuildFile; fileRef = BC1AAE5A1CB4D492006B17CC /* NotoSansKR-Bold-Hestia.otf */; };
		BC1AAE621CB4D492006B17CC /* NotoSansKR-DemiLight-Hestia.otf in Resources */ = {isa = PBXBuildFile; fileRef = BC1AAE5B1CB4D492006B17CC /* NotoSansKR-DemiLight-Hestia.otf */; };
		BC1AAE631CB4D492006B17CC /* NotoSansKR-Light-Hestia.otf in Resources */ = {isa = PBXBuildFile; fileRef = BC1AAE5C1CB4D492006B17CC /* NotoSansKR-Light-Hestia.otf */; };
		BC1AAE641CB4D492006B17CC /* NotoSansKR-Medium-Hestia.otf in Resources */ = {isa = PBXBuildFile; fileRef = BC1AAE5D1CB4D492006B17CC /* NotoSansKR-Medium-Hestia.otf */; };
		BC1AAE651CB4D492006B17CC /* NotoSansKR-Regular-Hestia.otf in Resources */ = {isa = PBXBuildFile; fileRef = BC1AAE5E1CB4D492006B17CC /* NotoSansKR-Regular-Hestia.otf */; };
		BC1AAE661CB4D492006B17CC /* NotoSansKR-Thin-Hestia.otf in Resources */ = {isa = PBXBuildFile; fileRef = BC1AAE5F1CB4D492006B17CC /* NotoSansKR-Thin-Hestia.otf */; };
		BC3A486D1C79DAEF008C559B /* LeftTableViewCell.swift in Sources */ = {isa = PBXBuildFile; fileRef = BC3A486C1C79DAEF008C559B /* LeftTableViewCell.swift */; };
		BC3A486F1C79DD7A008C559B /* LeftViewController.swift in Sources */ = {isa = PBXBuildFile; fileRef = BC3A486E1C79DD7A008C559B /* LeftViewController.swift */; };
		BC3A48731C7AB9A3008C559B /* NotificationTableViewCell.swift in Sources */ = {isa = PBXBuildFile; fileRef = BC3A48721C7AB9A3008C559B /* NotificationTableViewCell.swift */; };
		BC4038A71D24C49A00ECF46D /* SOContainerViewController.swift in Sources */ = {isa = PBXBuildFile; fileRef = BC4038A61D24C49A00ECF46D /* SOContainerViewController.swift */; };
		BC4038AA1D24D32800ECF46D /* TestViewController.swift in Sources */ = {isa = PBXBuildFile; fileRef = BC4038A91D24D32800ECF46D /* TestViewController.swift */; };
		BC4038AC1D24D55A00ECF46D /* UIViewController.swift in Sources */ = {isa = PBXBuildFile; fileRef = BC4038AB1D24D55A00ECF46D /* UIViewController.swift */; };
		BC446C441C7FF02900B40641 /* ApplyTableViewCell.swift in Sources */ = {isa = PBXBuildFile; fileRef = BC446C431C7FF02900B40641 /* ApplyTableViewCell.swift */; };
		BC47EEA31D1FBF2E00BF1DA8 /* CheckBox.swift in Sources */ = {isa = PBXBuildFile; fileRef = BC47EEA21D1FBF2E00BF1DA8 /* CheckBox.swift */; };
		BC47EEA71D200FC400BF1DA8 /* LocationViewController.swift in Sources */ = {isa = PBXBuildFile; fileRef = BC47EEA61D200FC400BF1DA8 /* LocationViewController.swift */; };
		BC47EEA91D20204100BF1DA8 /* LocationTableViewParentCell.swift in Sources */ = {isa = PBXBuildFile; fileRef = BC47EEA81D20204100BF1DA8 /* LocationTableViewParentCell.swift */; };
		BC47EEAB1D20205A00BF1DA8 /* LocationTableViewChildCell.swift in Sources */ = {isa = PBXBuildFile; fileRef = BC47EEAA1D20205A00BF1DA8 /* LocationTableViewChildCell.swift */; };
		BC47EEAD1D20207400BF1DA8 /* LocationTableViewHeaderCell.swift in Sources */ = {isa = PBXBuildFile; fileRef = BC47EEAC1D20207400BF1DA8 /* LocationTableViewHeaderCell.swift */; };
		BC47EEAF1D20332800BF1DA8 /* StringParent.swift in Sources */ = {isa = PBXBuildFile; fileRef = BC47EEAE1D20332800BF1DA8 /* StringParent.swift */; };
		BC5438D01CA7FA2900F8A1DA /* AcceptButton.swift in Sources */ = {isa = PBXBuildFile; fileRef = BC5438CF1CA7FA2900F8A1DA /* AcceptButton.swift */; };
		BC563DEC1D26A61100D505FF /* UILabelDeviceClass.swift in Sources */ = {isa = PBXBuildFile; fileRef = BC563DEB1D26A61100D505FF /* UILabelDeviceClass.swift */; };
		BC6A314F1C9ECFF9001F87D4 /* Dropper.framework in Frameworks */ = {isa = PBXBuildFile; fileRef = BC6A314E1C9ECFF9001F87D4 /* Dropper.framework */; };
		BC6A31511C9EF26C001F87D4 /* ApplyTableViewHeaderCell.swift in Sources */ = {isa = PBXBuildFile; fileRef = BC6A31501C9EF26C001F87D4 /* ApplyTableViewHeaderCell.swift */; };
		BC731EAA1D0DAC5000015064 /* RecruitTableViewHeaderCell.swift in Sources */ = {isa = PBXBuildFile; fileRef = BC731EA91D0DAC5000015064 /* RecruitTableViewHeaderCell.swift */; };
		BC74EC741CA11A6F002027BF /* Alamofire.framework in Frameworks */ = {isa = PBXBuildFile; fileRef = BCC529781C76CF0200DE76B0 /* Alamofire.framework */; };
		BC75030D1CA0B41B0051022C /* ScrapTableViewHeaderCell.swift in Sources */ = {isa = PBXBuildFile; fileRef = BC75030C1CA0B41B0051022C /* ScrapTableViewHeaderCell.swift */; };
		BC75030F1CA0BCDB0051022C /* ContestsTableViewCell.swift in Sources */ = {isa = PBXBuildFile; fileRef = BC75030E1CA0BCDB0051022C /* ContestsTableViewCell.swift */; };
		BC8037B11D1B9991006C0AF1 /* ContestsDetailViewController.swift in Sources */ = {isa = PBXBuildFile; fileRef = BC8037B01D1B9991006C0AF1 /* ContestsDetailViewController.swift */; };
		BC8037BA1D1CDFF2006C0AF1 /* ContestWebViewController.swift in Sources */ = {isa = PBXBuildFile; fileRef = BC8037B91D1CDFF2006C0AF1 /* ContestWebViewController.swift */; };
		BC81F8691D20C0FA0090020C /* ChildProtocol.swift in Sources */ = {isa = PBXBuildFile; fileRef = BC81F8681D20C0FA0090020C /* ChildProtocol.swift */; };
		BC877BF71C7EE69700F85994 /* ScrapTableViewCell.swift in Sources */ = {isa = PBXBuildFile; fileRef = BC877BF61C7EE69700F85994 /* ScrapTableViewCell.swift */; };
		BC88D8361C7EA2080061F627 /* ContestsListViewController.swift in Sources */ = {isa = PBXBuildFile; fileRef = BC88D8351C7EA2080061F627 /* ContestsListViewController.swift */; };
		BC92B7551D1263AA007E0E71 /* Border.swift in Sources */ = {isa = PBXBuildFile; fileRef = BC92B7541D1263AA007E0E71 /* Border.swift */; };
		BCA7AE131C7886D000555376 /* WriteViewController.swift in Sources */ = {isa = PBXBuildFile; fileRef = BCA7AE121C7886D000555376 /* WriteViewController.swift */; };
		BCA7AE1B1C789F4C00555376 /* SettingViewController.swift in Sources */ = {isa = PBXBuildFile; fileRef = BCA7AE1A1C789F4C00555376 /* SettingViewController.swift */; };
		BCA7AE1F1C78AFCF00555376 /* FBSDKCoreKit.framework in Frameworks */ = {isa = PBXBuildFile; fileRef = BCA7AE1C1C78AFCF00555376 /* FBSDKCoreKit.framework */; };
		BCA7AE201C78AFCF00555376 /* FBSDKLoginKit.framework in Frameworks */ = {isa = PBXBuildFile; fileRef = BCA7AE1D1C78AFCF00555376 /* FBSDKLoginKit.framework */; };
		BCA7AE211C78AFCF00555376 /* FBSDKShareKit.framework in Frameworks */ = {isa = PBXBuildFile; fileRef = BCA7AE1E1C78AFCF00555376 /* FBSDKShareKit.framework */; };
		BCA7AE231C78B32800555376 /* LoginViewController.swift in Sources */ = {isa = PBXBuildFile; fileRef = BCA7AE221C78B32800555376 /* LoginViewController.swift */; };
		BCA7AF5C1C797CDC00171CF0 /* RegisgerProfileViewController.swift in Sources */ = {isa = PBXBuildFile; fileRef = BCA7AF5B1C797CDC00171CF0 /* RegisgerProfileViewController.swift */; };
		BCB071B51C76CC490011B201 /* AppDelegate.swift in Sources */ = {isa = PBXBuildFile; fileRef = BCB071B41C76CC490011B201 /* AppDelegate.swift */; };
		BCB071B71C76CC490011B201 /* ViewController.swift in Sources */ = {isa = PBXBuildFile; fileRef = BCB071B61C76CC490011B201 /* ViewController.swift */; };
		BCB071BA1C76CC490011B201 /* Main.storyboard in Resources */ = {isa = PBXBuildFile; fileRef = BCB071B81C76CC490011B201 /* Main.storyboard */; };
		BCB071BC1C76CC490011B201 /* Assets.xcassets in Resources */ = {isa = PBXBuildFile; fileRef = BCB071BB1C76CC490011B201 /* Assets.xcassets */; };
		BCB071BF1C76CC490011B201 /* LaunchScreen.storyboard in Resources */ = {isa = PBXBuildFile; fileRef = BCB071BD1C76CC490011B201 /* LaunchScreen.storyboard */; };
		BCB071CA1C76CC490011B201 /* wazapTests.swift in Sources */ = {isa = PBXBuildFile; fileRef = BCB071C91C76CC490011B201 /* wazapTests.swift */; };
		BCB071D51C76CC4A0011B201 /* wazapUITests.swift in Sources */ = {isa = PBXBuildFile; fileRef = BCB071D41C76CC4A0011B201 /* wazapUITests.swift */; };
		BCBFF50B1CA4D72900ACC9F5 /* RecruitViewController.swift in Sources */ = {isa = PBXBuildFile; fileRef = BCBFF50A1CA4D72900ACC9F5 /* RecruitViewController.swift */; };
		BCBFF50D1CA4D88500ACC9F5 /* parentCell.swift in Sources */ = {isa = PBXBuildFile; fileRef = BCBFF50C1CA4D88500ACC9F5 /* parentCell.swift */; };
		BCBFF50F1CA4D89300ACC9F5 /* childCell.swift in Sources */ = {isa = PBXBuildFile; fileRef = BCBFF50E1CA4D89300ACC9F5 /* childCell.swift */; };
		BCBFF5111CA4D8AD00ACC9F5 /* Parent.swift in Sources */ = {isa = PBXBuildFile; fileRef = BCBFF5101CA4D8AD00ACC9F5 /* Parent.swift */; };
		BCC17B3B1D23C0CA0099C55F /* NotificationTableViewHeaderCell.swift in Sources */ = {isa = PBXBuildFile; fileRef = BCC17B3A1D23C0CA0099C55F /* NotificationTableViewHeaderCell.swift */; };
		BCC529931C77184000DE76B0 /* ArticleDetailViewController.swift in Sources */ = {isa = PBXBuildFile; fileRef = BCC529921C77184000DE76B0 /* ArticleDetailViewController.swift */; };
		BCC529971C77239B00DE76B0 /* MainTableViewController.swift in Sources */ = {isa = PBXBuildFile; fileRef = BCC529961C77239B00DE76B0 /* MainTableViewController.swift */; };
		BCC5299B1C77248600DE76B0 /* SwiftyJSON.framework in Frameworks */ = {isa = PBXBuildFile; fileRef = BCC5299A1C77248600DE76B0 /* SwiftyJSON.framework */; };
		BCE420A01C77F498005B5DCE /* MainTableViewCell.swift in Sources */ = {isa = PBXBuildFile; fileRef = BCE4209F1C77F498005B5DCE /* MainTableViewCell.swift */; };
		BCE420A51C783426005B5DCE /* ApplyViewController.swift in Sources */ = {isa = PBXBuildFile; fileRef = BCE420A41C783426005B5DCE /* ApplyViewController.swift */; };
		BCE420A71C783468005B5DCE /* ScrapListViewController.swift in Sources */ = {isa = PBXBuildFile; fileRef = BCE420A61C783468005B5DCE /* ScrapListViewController.swift */; };
		BCE420AB1C7834A3005B5DCE /* MyProfileViewController.swift in Sources */ = {isa = PBXBuildFile; fileRef = BCE420AA1C7834A3005B5DCE /* MyProfileViewController.swift */; };
		BCE420AD1C784091005B5DCE /* NotificationViewController.swift in Sources */ = {isa = PBXBuildFile; fileRef = BCE420AC1C784091005B5DCE /* NotificationViewController.swift */; };
		BCE420AF1C784107005B5DCE /* MyProfileModificationViewController.swift in Sources */ = {isa = PBXBuildFile; fileRef = BCE420AE1C784107005B5DCE /* MyProfileModificationViewController.swift */; };
		BCEC9FA51CAD158E00F562E2 /* extensionController.swift in Sources */ = {isa = PBXBuildFile; fileRef = BCEC9FA41CAD158E00F562E2 /* extensionController.swift */; };
		BCF70BD51D0A473C00060F62 /* MyColor.swift in Sources */ = {isa = PBXBuildFile; fileRef = BCF70BD41D0A473C00060F62 /* MyColor.swift */; };
		BCF70BD81D0A476B00060F62 /* Utils.swift in Sources */ = {isa = PBXBuildFile; fileRef = BCF70BD71D0A476B00060F62 /* Utils.swift */; };
/* End PBXBuildFile section */

/* Begin PBXContainerItemProxy section */
		BCB071C61C76CC490011B201 /* PBXContainerItemProxy */ = {
			isa = PBXContainerItemProxy;
			containerPortal = BCB071A91C76CC490011B201 /* Project object */;
			proxyType = 1;
			remoteGlobalIDString = BCB071B01C76CC490011B201;
			remoteInfo = wazap;
		};
		BCB071D11C76CC490011B201 /* PBXContainerItemProxy */ = {
			isa = PBXContainerItemProxy;
			containerPortal = BCB071A91C76CC490011B201 /* Project object */;
			proxyType = 1;
			remoteGlobalIDString = BCB071B01C76CC490011B201;
			remoteInfo = wazap;
		};
/* End PBXContainerItemProxy section */

/* Begin PBXFileReference section */
		BC0AF4811CF74D38009E6ABC /* AlamofireImage.framework */ = {isa = PBXFileReference; lastKnownFileType = wrapper.framework; name = AlamofireImage.framework; path = Carthage/Build/iOS/AlamofireImage.framework; sourceTree = "<group>"; };
		BC0AF4821CF74D38009E6ABC /* Kingfisher.framework */ = {isa = PBXFileReference; lastKnownFileType = wrapper.framework; name = Kingfisher.framework; path = Carthage/Build/iOS/Kingfisher.framework; sourceTree = "<group>"; };
		BC1AAE591CB4D492006B17CC /* NotoSansKR-Black-Hestia.otf */ = {isa = PBXFileReference; lastKnownFileType = file; path = "NotoSansKR-Black-Hestia.otf"; sourceTree = "<group>"; };
		BC1AAE5A1CB4D492006B17CC /* NotoSansKR-Bold-Hestia.otf */ = {isa = PBXFileReference; lastKnownFileType = file; path = "NotoSansKR-Bold-Hestia.otf"; sourceTree = "<group>"; };
		BC1AAE5B1CB4D492006B17CC /* NotoSansKR-DemiLight-Hestia.otf */ = {isa = PBXFileReference; lastKnownFileType = file; path = "NotoSansKR-DemiLight-Hestia.otf"; sourceTree = "<group>"; };
		BC1AAE5C1CB4D492006B17CC /* NotoSansKR-Light-Hestia.otf */ = {isa = PBXFileReference; lastKnownFileType = file; path = "NotoSansKR-Light-Hestia.otf"; sourceTree = "<group>"; };
		BC1AAE5D1CB4D492006B17CC /* NotoSansKR-Medium-Hestia.otf */ = {isa = PBXFileReference; lastKnownFileType = file; path = "NotoSansKR-Medium-Hestia.otf"; sourceTree = "<group>"; };
		BC1AAE5E1CB4D492006B17CC /* NotoSansKR-Regular-Hestia.otf */ = {isa = PBXFileReference; lastKnownFileType = file; path = "NotoSansKR-Regular-Hestia.otf"; sourceTree = "<group>"; };
		BC1AAE5F1CB4D492006B17CC /* NotoSansKR-Thin-Hestia.otf */ = {isa = PBXFileReference; lastKnownFileType = file; path = "NotoSansKR-Thin-Hestia.otf"; sourceTree = "<group>"; };
		BC3A486C1C79DAEF008C559B /* LeftTableViewCell.swift */ = {isa = PBXFileReference; fileEncoding = 4; lastKnownFileType = sourcecode.swift; path = LeftTableViewCell.swift; sourceTree = "<group>"; };
		BC3A486E1C79DD7A008C559B /* LeftViewController.swift */ = {isa = PBXFileReference; fileEncoding = 4; lastKnownFileType = sourcecode.swift; path = LeftViewController.swift; sourceTree = "<group>"; };
		BC3A48721C7AB9A3008C559B /* NotificationTableViewCell.swift */ = {isa = PBXFileReference; fileEncoding = 4; lastKnownFileType = sourcecode.swift; path = NotificationTableViewCell.swift; sourceTree = "<group>"; };
		BC4038A61D24C49A00ECF46D /* SOContainerViewController.swift */ = {isa = PBXFileReference; fileEncoding = 4; lastKnownFileType = sourcecode.swift; path = SOContainerViewController.swift; sourceTree = "<group>"; };
		BC4038A91D24D32800ECF46D /* TestViewController.swift */ = {isa = PBXFileReference; fileEncoding = 4; lastKnownFileType = sourcecode.swift; path = TestViewController.swift; sourceTree = "<group>"; };
		BC4038AB1D24D55A00ECF46D /* UIViewController.swift */ = {isa = PBXFileReference; fileEncoding = 4; lastKnownFileType = sourcecode.swift; path = UIViewController.swift; sourceTree = "<group>"; };
		BC446C431C7FF02900B40641 /* ApplyTableViewCell.swift */ = {isa = PBXFileReference; fileEncoding = 4; lastKnownFileType = sourcecode.swift; path = ApplyTableViewCell.swift; sourceTree = "<group>"; };
		BC47EEA21D1FBF2E00BF1DA8 /* CheckBox.swift */ = {isa = PBXFileReference; fileEncoding = 4; lastKnownFileType = sourcecode.swift; path = CheckBox.swift; sourceTree = "<group>"; };
		BC47EEA61D200FC400BF1DA8 /* LocationViewController.swift */ = {isa = PBXFileReference; fileEncoding = 4; lastKnownFileType = sourcecode.swift; path = LocationViewController.swift; sourceTree = "<group>"; };
		BC47EEA81D20204100BF1DA8 /* LocationTableViewParentCell.swift */ = {isa = PBXFileReference; fileEncoding = 4; lastKnownFileType = sourcecode.swift; path = LocationTableViewParentCell.swift; sourceTree = "<group>"; };
		BC47EEAA1D20205A00BF1DA8 /* LocationTableViewChildCell.swift */ = {isa = PBXFileReference; fileEncoding = 4; lastKnownFileType = sourcecode.swift; path = LocationTableViewChildCell.swift; sourceTree = "<group>"; };
		BC47EEAC1D20207400BF1DA8 /* LocationTableViewHeaderCell.swift */ = {isa = PBXFileReference; fileEncoding = 4; lastKnownFileType = sourcecode.swift; path = LocationTableViewHeaderCell.swift; sourceTree = "<group>"; };
		BC47EEAE1D20332800BF1DA8 /* StringParent.swift */ = {isa = PBXFileReference; fileEncoding = 4; lastKnownFileType = sourcecode.swift; path = StringParent.swift; sourceTree = "<group>"; };
		BC5438CF1CA7FA2900F8A1DA /* AcceptButton.swift */ = {isa = PBXFileReference; fileEncoding = 4; lastKnownFileType = sourcecode.swift; path = AcceptButton.swift; sourceTree = "<group>"; };
		BC563DEB1D26A61100D505FF /* UILabelDeviceClass.swift */ = {isa = PBXFileReference; fileEncoding = 4; lastKnownFileType = sourcecode.swift; path = UILabelDeviceClass.swift; sourceTree = "<group>"; };
		BC6A314E1C9ECFF9001F87D4 /* Dropper.framework */ = {isa = PBXFileReference; lastKnownFileType = wrapper.framework; name = Dropper.framework; path = Carthage/Build/iOS/Dropper.framework; sourceTree = "<group>"; };
		BC6A31501C9EF26C001F87D4 /* ApplyTableViewHeaderCell.swift */ = {isa = PBXFileReference; fileEncoding = 4; lastKnownFileType = sourcecode.swift; path = ApplyTableViewHeaderCell.swift; sourceTree = "<group>"; };
		BC731EA91D0DAC5000015064 /* RecruitTableViewHeaderCell.swift */ = {isa = PBXFileReference; fileEncoding = 4; lastKnownFileType = sourcecode.swift; path = RecruitTableViewHeaderCell.swift; sourceTree = "<group>"; };
		BC75030C1CA0B41B0051022C /* ScrapTableViewHeaderCell.swift */ = {isa = PBXFileReference; fileEncoding = 4; lastKnownFileType = sourcecode.swift; path = ScrapTableViewHeaderCell.swift; sourceTree = "<group>"; };
		BC75030E1CA0BCDB0051022C /* ContestsTableViewCell.swift */ = {isa = PBXFileReference; fileEncoding = 4; lastKnownFileType = sourcecode.swift; path = ContestsTableViewCell.swift; sourceTree = "<group>"; };
		BC8037B01D1B9991006C0AF1 /* ContestsDetailViewController.swift */ = {isa = PBXFileReference; fileEncoding = 4; lastKnownFileType = sourcecode.swift; path = ContestsDetailViewController.swift; sourceTree = "<group>"; };
		BC8037B91D1CDFF2006C0AF1 /* ContestWebViewController.swift */ = {isa = PBXFileReference; fileEncoding = 4; lastKnownFileType = sourcecode.swift; path = ContestWebViewController.swift; sourceTree = "<group>"; };
		BC81F8681D20C0FA0090020C /* ChildProtocol.swift */ = {isa = PBXFileReference; fileEncoding = 4; lastKnownFileType = sourcecode.swift; path = ChildProtocol.swift; sourceTree = "<group>"; };
		BC877BF61C7EE69700F85994 /* ScrapTableViewCell.swift */ = {isa = PBXFileReference; fileEncoding = 4; lastKnownFileType = sourcecode.swift; path = ScrapTableViewCell.swift; sourceTree = "<group>"; };
		BC88D8351C7EA2080061F627 /* ContestsListViewController.swift */ = {isa = PBXFileReference; fileEncoding = 4; lastKnownFileType = sourcecode.swift; path = ContestsListViewController.swift; sourceTree = "<group>"; };
		BC92B7541D1263AA007E0E71 /* Border.swift */ = {isa = PBXFileReference; fileEncoding = 4; lastKnownFileType = sourcecode.swift; path = Border.swift; sourceTree = "<group>"; };
		BCA7AE121C7886D000555376 /* WriteViewController.swift */ = {isa = PBXFileReference; fileEncoding = 4; lastKnownFileType = sourcecode.swift; path = WriteViewController.swift; sourceTree = "<group>"; };
		BCA7AE1A1C789F4C00555376 /* SettingViewController.swift */ = {isa = PBXFileReference; fileEncoding = 4; lastKnownFileType = sourcecode.swift; path = SettingViewController.swift; sourceTree = "<group>"; };
		BCA7AE1C1C78AFCF00555376 /* FBSDKCoreKit.framework */ = {isa = PBXFileReference; lastKnownFileType = wrapper.framework; name = FBSDKCoreKit.framework; path = Carthage/Build/facebook/FBSDKCoreKit.framework; sourceTree = "<group>"; };
		BCA7AE1D1C78AFCF00555376 /* FBSDKLoginKit.framework */ = {isa = PBXFileReference; lastKnownFileType = wrapper.framework; name = FBSDKLoginKit.framework; path = Carthage/Build/facebook/FBSDKLoginKit.framework; sourceTree = "<group>"; };
		BCA7AE1E1C78AFCF00555376 /* FBSDKShareKit.framework */ = {isa = PBXFileReference; lastKnownFileType = wrapper.framework; name = FBSDKShareKit.framework; path = Carthage/Build/facebook/FBSDKShareKit.framework; sourceTree = "<group>"; };
		BCA7AE221C78B32800555376 /* LoginViewController.swift */ = {isa = PBXFileReference; fileEncoding = 4; lastKnownFileType = sourcecode.swift; path = LoginViewController.swift; sourceTree = "<group>"; };
		BCA7AF5B1C797CDC00171CF0 /* RegisgerProfileViewController.swift */ = {isa = PBXFileReference; fileEncoding = 4; lastKnownFileType = sourcecode.swift; path = RegisgerProfileViewController.swift; sourceTree = "<group>"; };
		BCB071B11C76CC490011B201 /* wazap.app */ = {isa = PBXFileReference; explicitFileType = wrapper.application; includeInIndex = 0; path = wazap.app; sourceTree = BUILT_PRODUCTS_DIR; };
		BCB071B41C76CC490011B201 /* AppDelegate.swift */ = {isa = PBXFileReference; lastKnownFileType = sourcecode.swift; path = AppDelegate.swift; sourceTree = "<group>"; };
		BCB071B61C76CC490011B201 /* ViewController.swift */ = {isa = PBXFileReference; lastKnownFileType = sourcecode.swift; path = ViewController.swift; sourceTree = "<group>"; };
		BCB071B91C76CC490011B201 /* Base */ = {isa = PBXFileReference; lastKnownFileType = file.storyboard; name = Base; path = Base.lproj/Main.storyboard; sourceTree = "<group>"; };
		BCB071BB1C76CC490011B201 /* Assets.xcassets */ = {isa = PBXFileReference; lastKnownFileType = folder.assetcatalog; path = Assets.xcassets; sourceTree = "<group>"; };
		BCB071BE1C76CC490011B201 /* Base */ = {isa = PBXFileReference; lastKnownFileType = file.storyboard; name = Base; path = Base.lproj/LaunchScreen.storyboard; sourceTree = "<group>"; };
		BCB071C01C76CC490011B201 /* Info.plist */ = {isa = PBXFileReference; lastKnownFileType = text.plist.xml; path = Info.plist; sourceTree = "<group>"; };
		BCB071C51C76CC490011B201 /* wazapTests.xctest */ = {isa = PBXFileReference; explicitFileType = wrapper.cfbundle; includeInIndex = 0; path = wazapTests.xctest; sourceTree = BUILT_PRODUCTS_DIR; };
		BCB071C91C76CC490011B201 /* wazapTests.swift */ = {isa = PBXFileReference; lastKnownFileType = sourcecode.swift; path = wazapTests.swift; sourceTree = "<group>"; };
		BCB071CB1C76CC490011B201 /* Info.plist */ = {isa = PBXFileReference; lastKnownFileType = text.plist.xml; path = Info.plist; sourceTree = "<group>"; };
		BCB071D01C76CC490011B201 /* wazapUITests.xctest */ = {isa = PBXFileReference; explicitFileType = wrapper.cfbundle; includeInIndex = 0; path = wazapUITests.xctest; sourceTree = BUILT_PRODUCTS_DIR; };
		BCB071D41C76CC4A0011B201 /* wazapUITests.swift */ = {isa = PBXFileReference; lastKnownFileType = sourcecode.swift; path = wazapUITests.swift; sourceTree = "<group>"; };
		BCB071D61C76CC4A0011B201 /* Info.plist */ = {isa = PBXFileReference; lastKnownFileType = text.plist.xml; path = Info.plist; sourceTree = "<group>"; };
		BCBFF50A1CA4D72900ACC9F5 /* RecruitViewController.swift */ = {isa = PBXFileReference; fileEncoding = 4; lastKnownFileType = sourcecode.swift; path = RecruitViewController.swift; sourceTree = "<group>"; };
		BCBFF50C1CA4D88500ACC9F5 /* parentCell.swift */ = {isa = PBXFileReference; fileEncoding = 4; lastKnownFileType = sourcecode.swift; path = parentCell.swift; sourceTree = "<group>"; };
		BCBFF50E1CA4D89300ACC9F5 /* childCell.swift */ = {isa = PBXFileReference; fileEncoding = 4; lastKnownFileType = sourcecode.swift; path = childCell.swift; sourceTree = "<group>"; };
		BCBFF5101CA4D8AD00ACC9F5 /* Parent.swift */ = {isa = PBXFileReference; fileEncoding = 4; lastKnownFileType = sourcecode.swift; path = Parent.swift; sourceTree = "<group>"; };
		BCC17B3A1D23C0CA0099C55F /* NotificationTableViewHeaderCell.swift */ = {isa = PBXFileReference; fileEncoding = 4; lastKnownFileType = sourcecode.swift; path = NotificationTableViewHeaderCell.swift; sourceTree = "<group>"; };
		BCC529781C76CF0200DE76B0 /* Alamofire.framework */ = {isa = PBXFileReference; lastKnownFileType = wrapper.framework; name = Alamofire.framework; path = Carthage/Build/iOS/Alamofire.framework; sourceTree = "<group>"; };
		BCC529921C77184000DE76B0 /* ArticleDetailViewController.swift */ = {isa = PBXFileReference; fileEncoding = 4; lastKnownFileType = sourcecode.swift; path = ArticleDetailViewController.swift; sourceTree = "<group>"; };
		BCC529961C77239B00DE76B0 /* MainTableViewController.swift */ = {isa = PBXFileReference; fileEncoding = 4; lastKnownFileType = sourcecode.swift; path = MainTableViewController.swift; sourceTree = "<group>"; };
		BCC5299A1C77248600DE76B0 /* SwiftyJSON.framework */ = {isa = PBXFileReference; lastKnownFileType = wrapper.framework; name = SwiftyJSON.framework; path = Carthage/Build/iOS/SwiftyJSON.framework; sourceTree = "<group>"; };
		BCE4209F1C77F498005B5DCE /* MainTableViewCell.swift */ = {isa = PBXFileReference; fileEncoding = 4; lastKnownFileType = sourcecode.swift; path = MainTableViewCell.swift; sourceTree = "<group>"; };
		BCE420A41C783426005B5DCE /* ApplyViewController.swift */ = {isa = PBXFileReference; fileEncoding = 4; lastKnownFileType = sourcecode.swift; path = ApplyViewController.swift; sourceTree = "<group>"; };
		BCE420A61C783468005B5DCE /* ScrapListViewController.swift */ = {isa = PBXFileReference; fileEncoding = 4; lastKnownFileType = sourcecode.swift; path = ScrapListViewController.swift; sourceTree = "<group>"; };
		BCE420AA1C7834A3005B5DCE /* MyProfileViewController.swift */ = {isa = PBXFileReference; fileEncoding = 4; lastKnownFileType = sourcecode.swift; path = MyProfileViewController.swift; sourceTree = "<group>"; };
		BCE420AC1C784091005B5DCE /* NotificationViewController.swift */ = {isa = PBXFileReference; fileEncoding = 4; lastKnownFileType = sourcecode.swift; path = NotificationViewController.swift; sourceTree = "<group>"; };
		BCE420AE1C784107005B5DCE /* MyProfileModificationViewController.swift */ = {isa = PBXFileReference; fileEncoding = 4; lastKnownFileType = sourcecode.swift; path = MyProfileModificationViewController.swift; sourceTree = "<group>"; };
		BCEC9FA41CAD158E00F562E2 /* extensionController.swift */ = {isa = PBXFileReference; fileEncoding = 4; lastKnownFileType = sourcecode.swift; path = extensionController.swift; sourceTree = "<group>"; };
		BCF70BD41D0A473C00060F62 /* MyColor.swift */ = {isa = PBXFileReference; fileEncoding = 4; lastKnownFileType = sourcecode.swift; path = MyColor.swift; sourceTree = "<group>"; };
		BCF70BD71D0A476B00060F62 /* Utils.swift */ = {isa = PBXFileReference; fileEncoding = 4; lastKnownFileType = sourcecode.swift; path = Utils.swift; sourceTree = "<group>"; };
/* End PBXFileReference section */

/* Begin PBXFrameworksBuildPhase section */
		BCB071AE1C76CC490011B201 /* Frameworks */ = {
			isa = PBXFrameworksBuildPhase;
			buildActionMask = 2147483647;
			files = (
				BC0AF4831CF74D38009E6ABC /* AlamofireImage.framework in Frameworks */,
				BC0AF4841CF74D38009E6ABC /* Kingfisher.framework in Frameworks */,
				BC74EC741CA11A6F002027BF /* Alamofire.framework in Frameworks */,
				BC6A314F1C9ECFF9001F87D4 /* Dropper.framework in Frameworks */,
				BCA7AE1F1C78AFCF00555376 /* FBSDKCoreKit.framework in Frameworks */,
				BCA7AE201C78AFCF00555376 /* FBSDKLoginKit.framework in Frameworks */,
				BCA7AE211C78AFCF00555376 /* FBSDKShareKit.framework in Frameworks */,
				BCC5299B1C77248600DE76B0 /* SwiftyJSON.framework in Frameworks */,
			);
			runOnlyForDeploymentPostprocessing = 0;
		};
		BCB071C21C76CC490011B201 /* Frameworks */ = {
			isa = PBXFrameworksBuildPhase;
			buildActionMask = 2147483647;
			files = (
			);
			runOnlyForDeploymentPostprocessing = 0;
		};
		BCB071CD1C76CC490011B201 /* Frameworks */ = {
			isa = PBXFrameworksBuildPhase;
			buildActionMask = 2147483647;
			files = (
			);
			runOnlyForDeploymentPostprocessing = 0;
		};
/* End PBXFrameworksBuildPhase section */

/* Begin PBXGroup section */
		BC0AF4851CF74EAE009E6ABC /* font */ = {
			isa = PBXGroup;
			children = (
				BC1AAE591CB4D492006B17CC /* NotoSansKR-Black-Hestia.otf */,
				BC1AAE5A1CB4D492006B17CC /* NotoSansKR-Bold-Hestia.otf */,
				BC1AAE5B1CB4D492006B17CC /* NotoSansKR-DemiLight-Hestia.otf */,
				BC1AAE5C1CB4D492006B17CC /* NotoSansKR-Light-Hestia.otf */,
				BC1AAE5D1CB4D492006B17CC /* NotoSansKR-Medium-Hestia.otf */,
				BC1AAE5E1CB4D492006B17CC /* NotoSansKR-Regular-Hestia.otf */,
				BC1AAE5F1CB4D492006B17CC /* NotoSansKR-Thin-Hestia.otf */,
			);
			name = font;
			sourceTree = "<group>";
		};
		BC8037B21D1CD5B4006C0AF1 /* class */ = {
			isa = PBXGroup;
			children = (
				BC4038A61D24C49A00ECF46D /* SOContainerViewController.swift */,
				BC47EEA21D1FBF2E00BF1DA8 /* CheckBox.swift */,
			);
			name = class;
			sourceTree = "<group>";
		};
		BC81F8671D20C0E30090020C /* protocol */ = {
			isa = PBXGroup;
			children = (
				BC81F8681D20C0FA0090020C /* ChildProtocol.swift */,
			);
			name = protocol;
			sourceTree = "<group>";
		};
		BCB071A81C76CC490011B201 = {
			isa = PBXGroup;
			children = (
				BC0AF4811CF74D38009E6ABC /* AlamofireImage.framework */,
				BC0AF4821CF74D38009E6ABC /* Kingfisher.framework */,
				BC6A314E1C9ECFF9001F87D4 /* Dropper.framework */,
				BCC517C61C8971E800278E97 /* AEXibceptionView */,
				BCA7AE1C1C78AFCF00555376 /* FBSDKCoreKit.framework */,
				BCA7AE1D1C78AFCF00555376 /* FBSDKLoginKit.framework */,
				BCA7AE1E1C78AFCF00555376 /* FBSDKShareKit.framework */,
				BCC5299A1C77248600DE76B0 /* SwiftyJSON.framework */,
				BCC529781C76CF0200DE76B0 /* Alamofire.framework */,
				BCB071B31C76CC490011B201 /* wazap */,
				BCB071C81C76CC490011B201 /* wazapTests */,
				BCB071D31C76CC4A0011B201 /* wazapUITests */,
				BC0AF4851CF74EAE009E6ABC /* font */,
				BCB071B21C76CC490011B201 /* Products */,
			);
			sourceTree = "<group>";
		};
		BCB071B21C76CC490011B201 /* Products */ = {
			isa = PBXGroup;
			children = (
				BCB071B11C76CC490011B201 /* wazap.app */,
				BCB071C51C76CC490011B201 /* wazapTests.xctest */,
				BCB071D01C76CC490011B201 /* wazapUITests.xctest */,
			);
			name = Products;
			sourceTree = "<group>";
		};
		BCB071B31C76CC490011B201 /* wazap */ = {
			isa = PBXGroup;
			children = (
				BC8037B21D1CD5B4006C0AF1 /* class */,
				BC81F8671D20C0E30090020C /* protocol */,
				BCF70BD61D0A475D00060F62 /* util */,
				BCF70BD31D0A471C00060F62 /* extension */,
				BCB071B41C76CC490011B201 /* AppDelegate.swift */,
				BCA7AE221C78B32800555376 /* LoginViewController.swift */,
				BCB071B61C76CC490011B201 /* ViewController.swift */,
				BCB071B81C76CC490011B201 /* Main.storyboard */,
				BCEC9FA41CAD158E00F562E2 /* extensionController.swift */,
				BCB071BB1C76CC490011B201 /* Assets.xcassets */,
				BCB071BD1C76CC490011B201 /* LaunchScreen.storyboard */,
				BCB071C01C76CC490011B201 /* Info.plist */,
				BCC529961C77239B00DE76B0 /* MainTableViewController.swift */,
				BCE4209F1C77F498005B5DCE /* MainTableViewCell.swift */,
				BCC529921C77184000DE76B0 /* ArticleDetailViewController.swift */,
				BCE420A61C783468005B5DCE /* ScrapListViewController.swift */,
				BC75030C1CA0B41B0051022C /* ScrapTableViewHeaderCell.swift */,
				BC877BF61C7EE69700F85994 /* ScrapTableViewCell.swift */,
				BCE420A41C783426005B5DCE /* ApplyViewController.swift */,
				BC446C431C7FF02900B40641 /* ApplyTableViewCell.swift */,
				BC6A31501C9EF26C001F87D4 /* ApplyTableViewHeaderCell.swift */,
				BCBFF50A1CA4D72900ACC9F5 /* RecruitViewController.swift */,
				BC731EA91D0DAC5000015064 /* RecruitTableViewHeaderCell.swift */,
				BCBFF5101CA4D8AD00ACC9F5 /* Parent.swift */,
				BCBFF50C1CA4D88500ACC9F5 /* parentCell.swift */,
				BCBFF50E1CA4D89300ACC9F5 /* childCell.swift */,
				BCE420AA1C7834A3005B5DCE /* MyProfileViewController.swift */,
				BCE420AE1C784107005B5DCE /* MyProfileModificationViewController.swift */,
				BCA7AE121C7886D000555376 /* WriteViewController.swift */,
				BCE420AC1C784091005B5DCE /* NotificationViewController.swift */,
				BCC17B3A1D23C0CA0099C55F /* NotificationTableViewHeaderCell.swift */,
				BC3A48721C7AB9A3008C559B /* NotificationTableViewCell.swift */,
				BCA7AE1A1C789F4C00555376 /* SettingViewController.swift */,
				BCA7AF5B1C797CDC00171CF0 /* RegisgerProfileViewController.swift */,
				BC3A486E1C79DD7A008C559B /* LeftViewController.swift */,
				BC3A486C1C79DAEF008C559B /* LeftTableViewCell.swift */,
				BC88D8351C7EA2080061F627 /* ContestsListViewController.swift */,
				BC75030E1CA0BCDB0051022C /* ContestsTableViewCell.swift */,
				BC8037B01D1B9991006C0AF1 /* ContestsDetailViewController.swift */,
				BC8037B91D1CDFF2006C0AF1 /* ContestWebViewController.swift */,
				BC5438CF1CA7FA2900F8A1DA /* AcceptButton.swift */,
				BC47EEA61D200FC400BF1DA8 /* LocationViewController.swift */,
				BC47EEAC1D20207400BF1DA8 /* LocationTableViewHeaderCell.swift */,
				BC47EEA81D20204100BF1DA8 /* LocationTableViewParentCell.swift */,
				BC47EEAA1D20205A00BF1DA8 /* LocationTableViewChildCell.swift */,
				BC47EEAE1D20332800BF1DA8 /* StringParent.swift */,
				BC4038A91D24D32800ECF46D /* TestViewController.swift */,
			);
			path = wazap;
			sourceTree = "<group>";
		};
		BCB071C81C76CC490011B201 /* wazapTests */ = {
			isa = PBXGroup;
			children = (
				BCB071C91C76CC490011B201 /* wazapTests.swift */,
				BCB071CB1C76CC490011B201 /* Info.plist */,
			);
			path = wazapTests;
			sourceTree = "<group>";
		};
		BCB071D31C76CC4A0011B201 /* wazapUITests */ = {
			isa = PBXGroup;
			children = (
				BCB071D41C76CC4A0011B201 /* wazapUITests.swift */,
				BCB071D61C76CC4A0011B201 /* Info.plist */,
			);
			path = wazapUITests;
			sourceTree = "<group>";
		};
		BCC517C61C8971E800278E97 /* AEXibceptionView */ = {
			isa = PBXGroup;
			children = (
			);
			name = AEXibceptionView;
			sourceTree = "<group>";
		};
		BCF70BD31D0A471C00060F62 /* extension */ = {
			isa = PBXGroup;
			children = (
				BCF70BD41D0A473C00060F62 /* MyColor.swift */,
				BC92B7541D1263AA007E0E71 /* Border.swift */,
				BC4038AB1D24D55A00ECF46D /* UIViewController.swift */,
				BC563DEB1D26A61100D505FF /* UILabelDeviceClass.swift */,
			);
			name = extension;
			sourceTree = "<group>";
		};
		BCF70BD61D0A475D00060F62 /* util */ = {
			isa = PBXGroup;
			children = (
				BCF70BD71D0A476B00060F62 /* Utils.swift */,
			);
			name = util;
			sourceTree = "<group>";
		};
/* End PBXGroup section */

/* Begin PBXNativeTarget section */
		BCB071B01C76CC490011B201 /* wazap */ = {
			isa = PBXNativeTarget;
			buildConfigurationList = BCB071D91C76CC4A0011B201 /* Build configuration list for PBXNativeTarget "wazap" */;
			buildPhases = (
				BCB071AD1C76CC490011B201 /* Sources */,
				BCB071AE1C76CC490011B201 /* Frameworks */,
				BCB071AF1C76CC490011B201 /* Resources */,
				BCC5297B1C76D0A800DE76B0 /* Run Script */,
			);
			buildRules = (
			);
			dependencies = (
			);
			name = wazap;
			productName = wazap;
			productReference = BCB071B11C76CC490011B201 /* wazap.app */;
			productType = "com.apple.product-type.application";
		};
		BCB071C41C76CC490011B201 /* wazapTests */ = {
			isa = PBXNativeTarget;
			buildConfigurationList = BCB071DC1C76CC4A0011B201 /* Build configuration list for PBXNativeTarget "wazapTests" */;
			buildPhases = (
				BCB071C11C76CC490011B201 /* Sources */,
				BCB071C21C76CC490011B201 /* Frameworks */,
				BCB071C31C76CC490011B201 /* Resources */,
			);
			buildRules = (
			);
			dependencies = (
				BCB071C71C76CC490011B201 /* PBXTargetDependency */,
			);
			name = wazapTests;
			productName = wazapTests;
			productReference = BCB071C51C76CC490011B201 /* wazapTests.xctest */;
			productType = "com.apple.product-type.bundle.unit-test";
		};
		BCB071CF1C76CC490011B201 /* wazapUITests */ = {
			isa = PBXNativeTarget;
			buildConfigurationList = BCB071DF1C76CC4A0011B201 /* Build configuration list for PBXNativeTarget "wazapUITests" */;
			buildPhases = (
				BCB071CC1C76CC490011B201 /* Sources */,
				BCB071CD1C76CC490011B201 /* Frameworks */,
				BCB071CE1C76CC490011B201 /* Resources */,
			);
			buildRules = (
			);
			dependencies = (
				BCB071D21C76CC490011B201 /* PBXTargetDependency */,
			);
			name = wazapUITests;
			productName = wazapUITests;
			productReference = BCB071D01C76CC490011B201 /* wazapUITests.xctest */;
			productType = "com.apple.product-type.bundle.ui-testing";
		};
/* End PBXNativeTarget section */

/* Begin PBXProject section */
		BCB071A91C76CC490011B201 /* Project object */ = {
			isa = PBXProject;
			attributes = {
				LastSwiftUpdateCheck = 0720;
				LastUpgradeCheck = 0730;
				ORGANIZATIONNAME = nexters;
				TargetAttributes = {
					BCB071B01C76CC490011B201 = {
						CreatedOnToolsVersion = 7.2.1;
						DevelopmentTeam = 3DPPXS9XMF;
					};
					BCB071C41C76CC490011B201 = {
						CreatedOnToolsVersion = 7.2.1;
						TestTargetID = BCB071B01C76CC490011B201;
					};
					BCB071CF1C76CC490011B201 = {
						CreatedOnToolsVersion = 7.2.1;
						TestTargetID = BCB071B01C76CC490011B201;
					};
				};
			};
			buildConfigurationList = BCB071AC1C76CC490011B201 /* Build configuration list for PBXProject "wazap" */;
			compatibilityVersion = "Xcode 3.2";
			developmentRegion = English;
			hasScannedForEncodings = 0;
			knownRegions = (
				en,
				Base,
			);
			mainGroup = BCB071A81C76CC490011B201;
			productRefGroup = BCB071B21C76CC490011B201 /* Products */;
			projectDirPath = "";
			projectRoot = "";
			targets = (
				BCB071B01C76CC490011B201 /* wazap */,
				BCB071C41C76CC490011B201 /* wazapTests */,
				BCB071CF1C76CC490011B201 /* wazapUITests */,
			);
		};
/* End PBXProject section */

/* Begin PBXResourcesBuildPhase section */
		BCB071AF1C76CC490011B201 /* Resources */ = {
			isa = PBXResourcesBuildPhase;
			buildActionMask = 2147483647;
			files = (
				BC1AAE601CB4D492006B17CC /* NotoSansKR-Black-Hestia.otf in Resources */,
				BC1AAE611CB4D492006B17CC /* NotoSansKR-Bold-Hestia.otf in Resources */,
				BC1AAE621CB4D492006B17CC /* NotoSansKR-DemiLight-Hestia.otf in Resources */,
				BC1AAE631CB4D492006B17CC /* NotoSansKR-Light-Hestia.otf in Resources */,
				BC1AAE641CB4D492006B17CC /* NotoSansKR-Medium-Hestia.otf in Resources */,
				BC1AAE651CB4D492006B17CC /* NotoSansKR-Regular-Hestia.otf in Resources */,
				BC1AAE661CB4D492006B17CC /* NotoSansKR-Thin-Hestia.otf in Resources */,
				BCB071BF1C76CC490011B201 /* LaunchScreen.storyboard in Resources */,
				BCB071BC1C76CC490011B201 /* Assets.xcassets in Resources */,
				BCB071BA1C76CC490011B201 /* Main.storyboard in Resources */,
			);
			runOnlyForDeploymentPostprocessing = 0;
		};
		BCB071C31C76CC490011B201 /* Resources */ = {
			isa = PBXResourcesBuildPhase;
			buildActionMask = 2147483647;
			files = (
			);
			runOnlyForDeploymentPostprocessing = 0;
		};
		BCB071CE1C76CC490011B201 /* Resources */ = {
			isa = PBXResourcesBuildPhase;
			buildActionMask = 2147483647;
			files = (
			);
			runOnlyForDeploymentPostprocessing = 0;
		};
/* End PBXResourcesBuildPhase section */

/* Begin PBXShellScriptBuildPhase section */
		BCC5297B1C76D0A800DE76B0 /* Run Script */ = {
			isa = PBXShellScriptBuildPhase;
			buildActionMask = 2147483647;
			files = (
			);
			inputPaths = (
				"$(SRCROOT)/Carthage/Build/iOS/Alamofire.framework",
				"$(SRCROOT)/Carthage/Build/IOS/SwiftyJSON.framework",
				"$(SRCROOT)/Carthage/Build/IOS/Dropper.framework",
				"$(SRCROOT)/Carthage/Build/IOS/AlamofireImage.framework",
				"$(SRCROOT)/Carthage/Build/IOS/Kingfisher.framework",
			);
			name = "Run Script";
			outputPaths = (
			);
			runOnlyForDeploymentPostprocessing = 0;
			shellPath = /bin/sh;
			shellScript = "/usr/local/bin/carthage copy-frameworks";
		};
/* End PBXShellScriptBuildPhase section */

/* Begin PBXSourcesBuildPhase section */
		BCB071AD1C76CC490011B201 /* Sources */ = {
			isa = PBXSourcesBuildPhase;
			buildActionMask = 2147483647;
			files = (
				BC88D8361C7EA2080061F627 /* ContestsListViewController.swift in Sources */,
				BC92B7551D1263AA007E0E71 /* Border.swift in Sources */,
				BC4038A71D24C49A00ECF46D /* SOContainerViewController.swift in Sources */,
				BC3A48731C7AB9A3008C559B /* NotificationTableViewCell.swift in Sources */,
				BCE420AF1C784107005B5DCE /* MyProfileModificationViewController.swift in Sources */,
				BC75030D1CA0B41B0051022C /* ScrapTableViewHeaderCell.swift in Sources */,
				BC4038AC1D24D55A00ECF46D /* UIViewController.swift in Sources */,
				BCE420AB1C7834A3005B5DCE /* MyProfileViewController.swift in Sources */,
				BCF70BD51D0A473C00060F62 /* MyColor.swift in Sources */,
				BC75030F1CA0BCDB0051022C /* ContestsTableViewCell.swift in Sources */,
				BC8037B11D1B9991006C0AF1 /* ContestsDetailViewController.swift in Sources */,
				BCE420AD1C784091005B5DCE /* NotificationViewController.swift in Sources */,
				BC8037BA1D1CDFF2006C0AF1 /* ContestWebViewController.swift in Sources */,
				BC47EEAD1D20207400BF1DA8 /* LocationTableViewHeaderCell.swift in Sources */,
				BC6A31511C9EF26C001F87D4 /* ApplyTableViewHeaderCell.swift in Sources */,
				BCA7AE231C78B32800555376 /* LoginViewController.swift in Sources */,
				BC731EAA1D0DAC5000015064 /* RecruitTableViewHeaderCell.swift in Sources */,
				BCE420A01C77F498005B5DCE /* MainTableViewCell.swift in Sources */,
				BC47EEAB1D20205A00BF1DA8 /* LocationTableViewChildCell.swift in Sources */,
				BC47EEAF1D20332800BF1DA8 /* StringParent.swift in Sources */,
				BC47EEA71D200FC400BF1DA8 /* LocationViewController.swift in Sources */,
				BCBFF50F1CA4D89300ACC9F5 /* childCell.swift in Sources */,
				BC81F8691D20C0FA0090020C /* ChildProtocol.swift in Sources */,
				BC3A486D1C79DAEF008C559B /* LeftTableViewCell.swift in Sources */,
				BC47EEA91D20204100BF1DA8 /* LocationTableViewParentCell.swift in Sources */,
				BCA7AF5C1C797CDC00171CF0 /* RegisgerProfileViewController.swift in Sources */,
				BC4038AA1D24D32800ECF46D /* TestViewController.swift in Sources */,
				BC5438D01CA7FA2900F8A1DA /* AcceptButton.swift in Sources */,
				BCA7AE1B1C789F4C00555376 /* SettingViewController.swift in Sources */,
				BC47EEA31D1FBF2E00BF1DA8 /* CheckBox.swift in Sources */,
				BC446C441C7FF02900B40641 /* ApplyTableViewCell.swift in Sources */,
				BCA7AE131C7886D000555376 /* WriteViewController.swift in Sources */,
				BC877BF71C7EE69700F85994 /* ScrapTableViewCell.swift in Sources */,
				BCB071B71C76CC490011B201 /* ViewController.swift in Sources */,
				BC563DEC1D26A61100D505FF /* UILabelDeviceClass.swift in Sources */,
				BCBFF50D1CA4D88500ACC9F5 /* parentCell.swift in Sources */,
				BCF70BD81D0A476B00060F62 /* Utils.swift in Sources */,
				BCC17B3B1D23C0CA0099C55F /* NotificationTableViewHeaderCell.swift in Sources */,
				BC3A486F1C79DD7A008C559B /* LeftViewController.swift in Sources */,
				BCB071B51C76CC490011B201 /* AppDelegate.swift in Sources */,
				BCE420A71C783468005B5DCE /* ScrapListViewController.swift in Sources */,
				BCE420A51C783426005B5DCE /* ApplyViewController.swift in Sources */,
				BCBFF5111CA4D8AD00ACC9F5 /* Parent.swift in Sources */,
				BCC529971C77239B00DE76B0 /* MainTableViewController.swift in Sources */,
				BCC529931C77184000DE76B0 /* ArticleDetailViewController.swift in Sources */,
				BCEC9FA51CAD158E00F562E2 /* extensionController.swift in Sources */,
				BCBFF50B1CA4D72900ACC9F5 /* RecruitViewController.swift in Sources */,
			);
			runOnlyForDeploymentPostprocessing = 0;
		};
		BCB071C11C76CC490011B201 /* Sources */ = {
			isa = PBXSourcesBuildPhase;
			buildActionMask = 2147483647;
			files = (
				BCB071CA1C76CC490011B201 /* wazapTests.swift in Sources */,
			);
			runOnlyForDeploymentPostprocessing = 0;
		};
		BCB071CC1C76CC490011B201 /* Sources */ = {
			isa = PBXSourcesBuildPhase;
			buildActionMask = 2147483647;
			files = (
				BCB071D51C76CC4A0011B201 /* wazapUITests.swift in Sources */,
			);
			runOnlyForDeploymentPostprocessing = 0;
		};
/* End PBXSourcesBuildPhase section */

/* Begin PBXTargetDependency section */
		BCB071C71C76CC490011B201 /* PBXTargetDependency */ = {
			isa = PBXTargetDependency;
			target = BCB071B01C76CC490011B201 /* wazap */;
			targetProxy = BCB071C61C76CC490011B201 /* PBXContainerItemProxy */;
		};
		BCB071D21C76CC490011B201 /* PBXTargetDependency */ = {
			isa = PBXTargetDependency;
			target = BCB071B01C76CC490011B201 /* wazap */;
			targetProxy = BCB071D11C76CC490011B201 /* PBXContainerItemProxy */;
		};
/* End PBXTargetDependency section */

/* Begin PBXVariantGroup section */
		BCB071B81C76CC490011B201 /* Main.storyboard */ = {
			isa = PBXVariantGroup;
			children = (
				BCB071B91C76CC490011B201 /* Base */,
			);
			name = Main.storyboard;
			sourceTree = "<group>";
		};
		BCB071BD1C76CC490011B201 /* LaunchScreen.storyboard */ = {
			isa = PBXVariantGroup;
			children = (
				BCB071BE1C76CC490011B201 /* Base */,
			);
			name = LaunchScreen.storyboard;
			sourceTree = "<group>";
		};
/* End PBXVariantGroup section */

/* Begin XCBuildConfiguration section */
		BCB071D71C76CC4A0011B201 /* Debug */ = {
			isa = XCBuildConfiguration;
			buildSettings = {
				ALWAYS_SEARCH_USER_PATHS = NO;
				CLANG_CXX_LANGUAGE_STANDARD = "gnu++0x";
				CLANG_CXX_LIBRARY = "libc++";
				CLANG_ENABLE_MODULES = YES;
				CLANG_ENABLE_OBJC_ARC = YES;
				CLANG_WARN_BOOL_CONVERSION = YES;
				CLANG_WARN_CONSTANT_CONVERSION = YES;
				CLANG_WARN_DIRECT_OBJC_ISA_USAGE = YES_ERROR;
				CLANG_WARN_EMPTY_BODY = YES;
				CLANG_WARN_ENUM_CONVERSION = YES;
				CLANG_WARN_INT_CONVERSION = YES;
				CLANG_WARN_OBJC_ROOT_CLASS = YES_ERROR;
				CLANG_WARN_UNREACHABLE_CODE = YES;
				CLANG_WARN__DUPLICATE_METHOD_MATCH = YES;
				CODE_SIGN_IDENTITY = "iPhone Developer";
				"CODE_SIGN_IDENTITY[sdk=iphoneos*]" = "iPhone Developer";
				COPY_PHASE_STRIP = NO;
				DEBUG_INFORMATION_FORMAT = dwarf;
				ENABLE_STRICT_OBJC_MSGSEND = YES;
				ENABLE_TESTABILITY = YES;
				GCC_C_LANGUAGE_STANDARD = gnu99;
				GCC_DYNAMIC_NO_PIC = NO;
				GCC_NO_COMMON_BLOCKS = YES;
				GCC_OPTIMIZATION_LEVEL = 0;
				GCC_PREPROCESSOR_DEFINITIONS = (
					"DEBUG=1",
					"$(inherited)",
				);
				GCC_WARN_64_TO_32_BIT_CONVERSION = YES;
				GCC_WARN_ABOUT_RETURN_TYPE = YES_ERROR;
				GCC_WARN_UNDECLARED_SELECTOR = YES;
				GCC_WARN_UNINITIALIZED_AUTOS = YES_AGGRESSIVE;
				GCC_WARN_UNUSED_FUNCTION = YES;
				GCC_WARN_UNUSED_VARIABLE = YES;
				IPHONEOS_DEPLOYMENT_TARGET = 9.3;
				MTL_ENABLE_DEBUG_INFO = YES;
				ONLY_ACTIVE_ARCH = YES;
				PRODUCT_BUNDLE_IDENTIFIER = wazap;
				PROVISIONING_PROFILE = None;
				SDKROOT = iphoneos;
				SWIFT_OPTIMIZATION_LEVEL = "-Onone";
				VALIDATE_PRODUCT = YES;
			};
			name = Debug;
		};
		BCB071D81C76CC4A0011B201 /* Release */ = {
			isa = XCBuildConfiguration;
			buildSettings = {
				ALWAYS_SEARCH_USER_PATHS = NO;
				CLANG_CXX_LANGUAGE_STANDARD = "gnu++0x";
				CLANG_CXX_LIBRARY = "libc++";
				CLANG_ENABLE_MODULES = YES;
				CLANG_ENABLE_OBJC_ARC = YES;
				CLANG_WARN_BOOL_CONVERSION = YES;
				CLANG_WARN_CONSTANT_CONVERSION = YES;
				CLANG_WARN_DIRECT_OBJC_ISA_USAGE = YES_ERROR;
				CLANG_WARN_EMPTY_BODY = YES;
				CLANG_WARN_ENUM_CONVERSION = YES;
				CLANG_WARN_INT_CONVERSION = YES;
				CLANG_WARN_OBJC_ROOT_CLASS = YES_ERROR;
				CLANG_WARN_UNREACHABLE_CODE = YES;
				CLANG_WARN__DUPLICATE_METHOD_MATCH = YES;
				CODE_SIGN_IDENTITY = "iPhone Developer";
				"CODE_SIGN_IDENTITY[sdk=iphoneos*]" = "iPhone Developer";
				COPY_PHASE_STRIP = NO;
				DEBUG_INFORMATION_FORMAT = "dwarf-with-dsym";
				ENABLE_NS_ASSERTIONS = NO;
				ENABLE_STRICT_OBJC_MSGSEND = YES;
				ENABLE_TESTABILITY = NO;
				GCC_C_LANGUAGE_STANDARD = gnu99;
				GCC_NO_COMMON_BLOCKS = YES;
				GCC_WARN_64_TO_32_BIT_CONVERSION = YES;
				GCC_WARN_ABOUT_RETURN_TYPE = YES_ERROR;
				GCC_WARN_UNDECLARED_SELECTOR = YES;
				GCC_WARN_UNINITIALIZED_AUTOS = YES_AGGRESSIVE;
				GCC_WARN_UNUSED_FUNCTION = YES;
				GCC_WARN_UNUSED_VARIABLE = YES;
				IPHONEOS_DEPLOYMENT_TARGET = 9.3;
				MTL_ENABLE_DEBUG_INFO = NO;
				PRODUCT_BUNDLE_IDENTIFIER = wazap;
				PROVISIONING_PROFILE = None;
				SDKROOT = iphoneos;
				VALIDATE_PRODUCT = NO;
			};
			name = Release;
		};
		BCB071DA1C76CC4A0011B201 /* Debug */ = {
			isa = XCBuildConfiguration;
			buildSettings = {
				ASSETCATALOG_COMPILER_APPICON_NAME = AppIcon;
				ASSETCATALOG_COMPILER_LAUNCHIMAGE_NAME = "Brand Assets";
				CODE_SIGN_IDENTITY = "iPhone Developer";
				"CODE_SIGN_IDENTITY[sdk=iphoneos*]" = "iPhone Developer";
				ENABLE_TESTABILITY = NO;
				FRAMEWORK_SEARCH_PATHS = (
					"$(inherited)",
					"$(PROJECT_DIR)/Carthage/Build/iOS",
					"$(PROJECT_DIR)/Carthage/Build/facebook",
				);
				INFOPLIST_FILE = wazap/Info.plist;
				LD_RUNPATH_SEARCH_PATHS = "$(inherited) @executable_path/Frameworks";
				PRODUCT_BUNDLE_IDENTIFIER = com.teamnexters.wazap;
				PRODUCT_NAME = "$(TARGET_NAME)";
				PROVISIONING_PROFILE = "";
				TARGETED_DEVICE_FAMILY = "1,2";
				VALIDATE_PRODUCT = YES;
			};
			name = Debug;
		};
		BCB071DB1C76CC4A0011B201 /* Release */ = {
			isa = XCBuildConfiguration;
			buildSettings = {
				ASSETCATALOG_COMPILER_APPICON_NAME = AppIcon;
				ASSETCATALOG_COMPILER_LAUNCHIMAGE_NAME = "Brand Assets";
				CODE_SIGN_IDENTITY = "iPhone Developer";
				"CODE_SIGN_IDENTITY[sdk=iphoneos*]" = "iPhone Developer";
				ENABLE_TESTABILITY = NO;
				FRAMEWORK_SEARCH_PATHS = (
					"$(inherited)",
					"$(PROJECT_DIR)/Carthage/Build/iOS",
					"$(PROJECT_DIR)/Carthage/Build/facebook",
				);
				INFOPLIST_FILE = wazap/Info.plist;
				LD_RUNPATH_SEARCH_PATHS = "$(inherited) @executable_path/Frameworks";
				PRODUCT_BUNDLE_IDENTIFIER = com.teamnexters.wazap;
				PRODUCT_NAME = "$(TARGET_NAME)";
				PROVISIONING_PROFILE = "";
				TARGETED_DEVICE_FAMILY = "1,2";
			};
			name = Release;
		};
		BCB071DD1C76CC4A0011B201 /* Debug */ = {
			isa = XCBuildConfiguration;
			buildSettings = {
				BUNDLE_LOADER = "$(TEST_HOST)";
				INFOPLIST_FILE = wazapTests/Info.plist;
				LD_RUNPATH_SEARCH_PATHS = "$(inherited) @executable_path/Frameworks @loader_path/Frameworks";
				PRODUCT_BUNDLE_IDENTIFIER = com.timeros.wazapTests;
				PRODUCT_NAME = "$(TARGET_NAME)";
				TEST_HOST = "$(BUILT_PRODUCTS_DIR)/wazap.app/wazap";
			};
			name = Debug;
		};
		BCB071DE1C76CC4A0011B201 /* Release */ = {
			isa = XCBuildConfiguration;
			buildSettings = {
				BUNDLE_LOADER = "$(TEST_HOST)";
				INFOPLIST_FILE = wazapTests/Info.plist;
				LD_RUNPATH_SEARCH_PATHS = "$(inherited) @executable_path/Frameworks @loader_path/Frameworks";
				PRODUCT_BUNDLE_IDENTIFIER = com.timeros.wazapTests;
				PRODUCT_NAME = "$(TARGET_NAME)";
				TEST_HOST = "$(BUILT_PRODUCTS_DIR)/wazap.app/wazap";
			};
			name = Release;
		};
		BCB071E01C76CC4A0011B201 /* Debug */ = {
			isa = XCBuildConfiguration;
			buildSettings = {
				INFOPLIST_FILE = wazapUITests/Info.plist;
				LD_RUNPATH_SEARCH_PATHS = "$(inherited) @executable_path/Frameworks @loader_path/Frameworks";
				PRODUCT_BUNDLE_IDENTIFIER = com.timeros.wazapUITests;
				PRODUCT_NAME = "$(TARGET_NAME)";
				TEST_TARGET_NAME = wazap;
				USES_XCTRUNNER = YES;
			};
			name = Debug;
		};
		BCB071E11C76CC4A0011B201 /* Release */ = {
			isa = XCBuildConfiguration;
			buildSettings = {
				INFOPLIST_FILE = wazapUITests/Info.plist;
				LD_RUNPATH_SEARCH_PATHS = "$(inherited) @executable_path/Frameworks @loader_path/Frameworks";
				PRODUCT_BUNDLE_IDENTIFIER = com.timeros.wazapUITests;
				PRODUCT_NAME = "$(TARGET_NAME)";
				TEST_TARGET_NAME = wazap;
				USES_XCTRUNNER = YES;
			};
			name = Release;
		};
/* End XCBuildConfiguration section */

/* Begin XCConfigurationList section */
		BCB071AC1C76CC490011B201 /* Build configuration list for PBXProject "wazap" */ = {
			isa = XCConfigurationList;
			buildConfigurations = (
				BCB071D71C76CC4A0011B201 /* Debug */,
				BCB071D81C76CC4A0011B201 /* Release */,
			);
			defaultConfigurationIsVisible = 0;
			defaultConfigurationName = Release;
		};
		BCB071D91C76CC4A0011B201 /* Build configuration list for PBXNativeTarget "wazap" */ = {
			isa = XCConfigurationList;
			buildConfigurations = (
				BCB071DA1C76CC4A0011B201 /* Debug */,
				BCB071DB1C76CC4A0011B201 /* Release */,
			);
			defaultConfigurationIsVisible = 0;
			defaultConfigurationName = Release;
		};
		BCB071DC1C76CC4A0011B201 /* Build configuration list for PBXNativeTarget "wazapTests" */ = {
			isa = XCConfigurationList;
			buildConfigurations = (
				BCB071DD1C76CC4A0011B201 /* Debug */,
				BCB071DE1C76CC4A0011B201 /* Release */,
			);
			defaultConfigurationIsVisible = 0;
			defaultConfigurationName = Release;
		};
		BCB071DF1C76CC4A0011B201 /* Build configuration list for PBXNativeTarget "wazapUITests" */ = {
			isa = XCConfigurationList;
			buildConfigurations = (
				BCB071E01C76CC4A0011B201 /* Debug */,
				BCB071E11C76CC4A0011B201 /* Release */,
			);
			defaultConfigurationIsVisible = 0;
			defaultConfigurationName = Release;
		};
/* End XCConfigurationList section */
	};
	rootObject = BCB071A91C76CC490011B201 /* Project object */;
}
