// !$*UTF8*$!
{
	archiveVersion = 1;
	classes = {
	};
	objectVersion = 46;
	objects = {

/* Begin PBXBuildFile section */
		CD49CFB31C907A3700798E97 /* AppDelegate.swift in Sources */ = {isa = PBXBuildFile; fileRef = CD49CFB21C907A3700798E97 /* AppDelegate.swift */; };
		CD49CFB51C907A3700798E97 /* ViewController.swift in Sources */ = {isa = PBXBuildFile; fileRef = CD49CFB41C907A3700798E97 /* ViewController.swift */; };
		CD49CFB81C907A3700798E97 /* Main.storyboard in Resources */ = {isa = PBXBuildFile; fileRef = CD49CFB61C907A3700798E97 /* Main.storyboard */; };
		CD49CFBA1C907A3700798E97 /* Assets.xcassets in Resources */ = {isa = PBXBuildFile; fileRef = CD49CFB91C907A3700798E97 /* Assets.xcassets */; };
		CD49CFBD1C907A3700798E97 /* LaunchScreen.storyboard in Resources */ = {isa = PBXBuildFile; fileRef = CD49CFBB1C907A3700798E97 /* LaunchScreen.storyboard */; };
/* End PBXBuildFile section */

/* Begin PBXFileReference section */
		CD49CFAF1C907A3700798E97 /* ProgrammaticallyExample.app */ = {isa = PBXFileReference; explicitFileType = wrapper.application; includeInIndex = 0; path = ProgrammaticallyExample.app; sourceTree = BUILT_PRODUCTS_DIR; };
		CD49CFB21C907A3700798E97 /* AppDelegate.swift */ = {isa = PBXFileReference; lastKnownFileType = sourcecode.swift; path = AppDelegate.swift; sourceTree = "<group>"; };
		CD49CFB41C907A3700798E97 /* ViewController.swift */ = {isa = PBXFileReference; lastKnownFileType = sourcecode.swift; path = ViewController.swift; sourceTree = "<group>"; };
		CD49CFB71C907A3700798E97 /* Base */ = {isa = PBXFileReference; lastKnownFileType = file.storyboard; name = Base; path = Base.lproj/Main.storyboard; sourceTree = "<group>"; };
		CD49CFB91C907A3700798E97 /* Assets.xcassets */ = {isa = PBXFileReference; lastKnownFileType = folder.assetcatalog; path = Assets.xcassets; sourceTree = "<group>"; };
		CD49CFBC1C907A3700798E97 /* Base */ = {isa = PBXFileReference; lastKnownFileType = file.storyboard; name = Base; path = Base.lproj/LaunchScreen.storyboard; sourceTree = "<group>"; };
		CD49CFBE1C907A3700798E97 /* Info.plist */ = {isa = PBXFileReference; lastKnownFileType = text.plist.xml; path = Info.plist; sourceTree = "<group>"; };
/* End PBXFileReference section */

/* Begin PBXFrameworksBuildPhase section */
		CD49CFAC1C907A3700798E97 /* Frameworks */ = {
			isa = PBXFrameworksBuildPhase;
			buildActionMask = 2147483647;
			files = (
			);
			runOnlyForDeploymentPostprocessing = 0;
		};
/* End PBXFrameworksBuildPhase section */

/* Begin PBXGroup section */
		CD49CFA61C907A3700798E97 = {
			isa = PBXGroup;
			children = (
				CD49CFB11C907A3700798E97 /* ProgrammaticallyExample */,
				CD49CFB01C907A3700798E97 /* Products */,
			);
			sourceTree = "<group>";
		};
		CD49CFB01C907A3700798E97 /* Products */ = {
			isa = PBXGroup;
			children = (
				CD49CFAF1C907A3700798E97 /* ProgrammaticallyExample.app */,
			);
			name = Products;
			sourceTree = "<group>";
		};
		CD49CFB11C907A3700798E97 /* ProgrammaticallyExample */ = {
			isa = PBXGroup;
			children = (
				CD49CFB21C907A3700798E97 /* AppDelegate.swift */,
				CD49CFB41C907A3700798E97 /* ViewController.swift */,
				CD49CFB61C907A3700798E97 /* Main.storyboard */,
				CD49CFB91C907A3700798E97 /* Assets.xcassets */,
				CD49CFBB1C907A3700798E97 /* LaunchScreen.storyboard */,
				CD49CFBE1C907A3700798E97 /* Info.plist */,
			);
			path = ProgrammaticallyExample;
			sourceTree = "<group>";
		};
/* End PBXGroup section */

/* Begin PBXNativeTarget section */
		CD49CFAE1C907A3700798E97 /* ProgrammaticallyExample */ = {
			isa = PBXNativeTarget;
			buildConfigurationList = CD49CFC11C907A3700798E97 /* Build configuration list for PBXNativeTarget "ProgrammaticallyExample" */;
			buildPhases = (
				CD49CFAB1C907A3700798E97 /* Sources */,
				CD49CFAC1C907A3700798E97 /* Frameworks */,
				CD49CFAD1C907A3700798E97 /* Resources */,
			);
			buildRules = (
			);
			dependencies = (
			);
			name = ProgrammaticallyExample;
			productName = ProgrammaticallyExample;
			productReference = CD49CFAF1C907A3700798E97 /* ProgrammaticallyExample.app */;
			productType = "com.apple.product-type.application";
		};
/* End PBXNativeTarget section */

/* Begin PBXProject section */
		CD49CFA71C907A3700798E97 /* Project object */ = {
			isa = PBXProject;
			attributes = {
				LastSwiftUpdateCheck = 0720;
				LastUpgradeCheck = 0720;
				ORGANIZATIONNAME = "Jerry Yu";
				TargetAttributes = {
					CD49CFAE1C907A3700798E97 = {
						CreatedOnToolsVersion = 7.2.1;
					};
				};
			};
			buildConfigurationList = CD49CFAA1C907A3700798E97 /* Build configuration list for PBXProject "ProgrammaticallyExample" */;
			compatibilityVersion = "Xcode 3.2";
			developmentRegion = English;
			hasScannedForEncodings = 0;
			knownRegions = (
				en,
				Base,
			);
			mainGroup = CD49CFA61C907A3700798E97;
			productRefGroup = CD49CFB01C907A3700798E97 /* Products */;
			projectDirPath = "";
			projectRoot = "";
			targets = (
				CD49CFAE1C907A3700798E97 /* ProgrammaticallyExample */,
			);
		};
/* End PBXProject section */

/* Begin PBXResourcesBuildPhase section */
		CD49CFAD1C907A3700798E97 /* Resources */ = {
			isa = PBXResourcesBuildPhase;
			buildActionMask = 2147483647;
			files = (
				CD49CFBD1C907A3700798E97 /* LaunchScreen.storyboard in Resources */,
				CD49CFBA1C907A3700798E97 /* Assets.xcassets in Resources */,
				CD49CFB81C907A3700798E97 /* Main.storyboard in Resources */,
			);
			runOnlyForDeploymentPostprocessing = 0;
		};
/* End PBXResourcesBuildPhase section */

/* Begin PBXSourcesBuildPhase section */
		CD49CFAB1C907A3700798E97 /* Sources */ = {
			isa = PBXSourcesBuildPhase;
			buildActionMask = 2147483647;
			files = (
				CD49CFB51C907A3700798E97 /* ViewController.swift in Sources */,
				CD49CFB31C907A3700798E97 /* AppDelegate.swift in Sources */,
			);
			runOnlyForDeploymentPostprocessing = 0;
		};
/* End PBXSourcesBuildPhase section */

/* Begin PBXVariantGroup section */
		CD49CFB61C907A3700798E97 /* Main.storyboard */ = {
			isa = PBXVariantGroup;
			children = (
				CD49CFB71C907A3700798E97 /* Base */,
			);
			name = Main.storyboard;
			sourceTree = "<group>";
		};
		CD49CFBB1C907A3700798E97 /* LaunchScreen.storyboard */ = {
			isa = PBXVariantGroup;
			children = (
				CD49CFBC1C907A3700798E97 /* Base */,
			);
			name = LaunchScreen.storyboard;
			sourceTree = "<group>";
		};
/* End PBXVariantGroup section */

/* Begin XCBuildConfiguration section */
		CD49CFBF1C907A3700798E97 /* Debug */ = {
			isa = XCBuildConfiguration;
			buildSettings = {
				ALWAYS_SEARCH_USER_PATHS = NO;
				CLANG_CXX_LANGUAGE_STANDARD = "gnu++0x";
				CLANG_CXX_LIBRARY = "libc++";
				CLANG_ENABLE_MODULES = YES;
				CLANG_ENABLE_OBJC_ARC = YES;
				CLANG_WARN_BOOL_CONVERSION = YES;
				CLANG_WARN_CONSTANT_CONVERSION = YES;
				CLANG_WARN_DIRECT_OBJC_ISA_USAGE = YES_ERROR;
				CLANG_WARN_EMPTY_BODY = YES;
				CLANG_WARN_ENUM_CONVERSION = YES;
				CLANG_WARN_INT_CONVERSION = YES;
				CLANG_WARN_OBJC_ROOT_CLASS = YES_ERROR;
				CLANG_WARN_UNREACHABLE_CODE = YES;
				CLANG_WARN__DUPLICATE_METHOD_MATCH = YES;
				"CODE_SIGN_IDENTITY[sdk=iphoneos*]" = "iPhone Developer";
				COPY_PHASE_STRIP = NO;
				DEBUG_INFORMATION_FORMAT = dwarf;
				ENABLE_STRICT_OBJC_MSGSEND = YES;
				ENABLE_TESTABILITY = YES;
				GCC_C_LANGUAGE_STANDARD = gnu99;
				GCC_DYNAMIC_NO_PIC = NO;
				GCC_NO_COMMON_BLOCKS = YES;
				GCC_OPTIMIZATION_LEVEL = 0;
				GCC_PREPROCESSOR_DEFINITIONS = (
					"DEBUG=1",
					"$(inherited)",
				);
				GCC_WARN_64_TO_32_BIT_CONVERSION = YES;
				GCC_WARN_ABOUT_RETURN_TYPE = YES_ERROR;
				GCC_WARN_UNDECLARED_SELECTOR = YES;
				GCC_WARN_UNINITIALIZED_AUTOS = YES_AGGRESSIVE;
				GCC_WARN_UNUSED_FUNCTION = YES;
				GCC_WARN_UNUSED_VARIABLE = YES;
				IPHONEOS_DEPLOYMENT_TARGET = 9.2;
				MTL_ENABLE_DEBUG_INFO = YES;
				ONLY_ACTIVE_ARCH = YES;
				SDKROOT = iphoneos;
				SWIFT_OPTIMIZATION_LEVEL = "-Onone";
				TARGETED_DEVICE_FAMILY = "1,2";
			};
			name = Debug;
		};
		CD49CFC01C907A3700798E97 /* Release */ = {
			isa = XCBuildConfiguration;
			buildSettings = {
				ALWAYS_SEARCH_USER_PATHS = NO;
				CLANG_CXX_LANGUAGE_STANDARD = "gnu++0x";
				CLANG_CXX_LIBRARY = "libc++";
				CLANG_ENABLE_MODULES = YES;
				CLANG_ENABLE_OBJC_ARC = YES;
				CLANG_WARN_BOOL_CONVERSION = YES;
				CLANG_WARN_CONSTANT_CONVERSION = YES;
				CLANG_WARN_DIRECT_OBJC_ISA_USAGE = YES_ERROR;
				CLANG_WARN_EMPTY_BODY = YES;
				CLANG_WARN_ENUM_CONVERSION = YES;
				CLANG_WARN_INT_CONVERSION = YES;
				CLANG_WARN_OBJC_ROOT_CLASS = YES_ERROR;
				CLANG_WARN_UNREACHABLE_CODE = YES;
				CLANG_WARN__DUPLICATE_METHOD_MATCH = YES;
				"CODE_SIGN_IDENTITY[sdk=iphoneos*]" = "iPhone Developer";
				COPY_PHASE_STRIP = NO;
				DEBUG_INFORMATION_FORMAT = "dwarf-with-dsym";
				ENABLE_NS_ASSERTIONS = NO;
				ENABLE_STRICT_OBJC_MSGSEND = YES;
				GCC_C_LANGUAGE_STANDARD = gnu99;
				GCC_NO_COMMON_BLOCKS = YES;
				GCC_WARN_64_TO_32_BIT_CONVERSION = YES;
				GCC_WARN_ABOUT_RETURN_TYPE = YES_ERROR;
				GCC_WARN_UNDECLARED_SELECTOR = YES;
				GCC_WARN_UNINITIALIZED_AUTOS = YES_AGGRESSIVE;
				GCC_WARN_UNUSED_FUNCTION = YES;
				GCC_WARN_UNUSED_VARIABLE = YES;
				IPHONEOS_DEPLOYMENT_TARGET = 9.2;
				MTL_ENABLE_DEBUG_INFO = NO;
				SDKROOT = iphoneos;
				TARGETED_DEVICE_FAMILY = "1,2";
				VALIDATE_PRODUCT = YES;
			};
			name = Release;
		};
		CD49CFC21C907A3700798E97 /* Debug */ = {
			isa = XCBuildConfiguration;
			buildSettings = {
				ASSETCATALOG_COMPILER_APPICON_NAME = AppIcon;
				INFOPLIST_FILE = ProgrammaticallyExample/Info.plist;
				LD_RUNPATH_SEARCH_PATHS = "$(inherited) @executable_path/Frameworks";
				PRODUCT_BUNDLE_IDENTIFIER = com.jerryyu.ProgrammaticallyExample;
				PRODUCT_NAME = "$(TARGET_NAME)";
			};
			name = Debug;
		};
		CD49CFC31C907A3700798E97 /* Release */ = {
			isa = XCBuildConfiguration;
			buildSettings = {
				ASSETCATALOG_COMPILER_APPICON_NAME = AppIcon;
				INFOPLIST_FILE = ProgrammaticallyExample/Info.plist;
				LD_RUNPATH_SEARCH_PATHS = "$(inherited) @executable_path/Frameworks";
				PRODUCT_BUNDLE_IDENTIFIER = com.jerryyu.ProgrammaticallyExample;
				PRODUCT_NAME = "$(TARGET_NAME)";
			};
			name = Release;
		};
/* End XCBuildConfiguration section */

/* Begin XCConfigurationList section */
		CD49CFAA1C907A3700798E97 /* Build configuration list for PBXProject "ProgrammaticallyExample" */ = {
			isa = XCConfigurationList;
			buildConfigurations = (
				CD49CFBF1C907A3700798E97 /* Debug */,
				CD49CFC01C907A3700798E97 /* Release */,
			);
			defaultConfigurationIsVisible = 0;
			defaultConfigurationName = Release;
		};
		CD49CFC11C907A3700798E97 /* Build configuration list for PBXNativeTarget "ProgrammaticallyExample" */ = {
			isa = XCConfigurationList;
			buildConfigurations = (
				CD49CFC21C907A3700798E97 /* Debug */,
				CD49CFC31C907A3700798E97 /* Release */,
			);
			defaultConfigurationIsVisible = 0;
		};
/* End XCConfigurationList section */
	};
	rootObject = CD49CFA71C907A3700798E97 /* Project object */;
}
